
Microsoft Visual Studio Solution File, Format Version 12.00
# Visual Studio Version 17
VisualStudioVersion = 17.2.32630.192
MinimumVisualStudioVersion = 10.0.40219.1
Project("{9A19103F-16F7-4668-BE54-9A1E7A4F7556}") = "R5T.S0067", "R5T.S0067\R5T.S0067.csproj", "{FE072D18-1998-44A5-A48C-5D9FF880565E}"
EndProject
Project("{2150E333-8FDC-42A3-9474-1A3956D46DE8}") = "_Dependencies", "_Dependencies", "{E00BE2A6-79DB-45B6-83B3-AAE00DB62E1D}"
EndProject
Project("{9A19103F-16F7-4668-BE54-9A1E7A4F7556}") = "R5T.O0006", "..\..\R5T.O0006\source\R5T.O0006\R5T.O0006.csproj", "{787DC9F8-52AA-4B78-AD5E-350929A80144}"
EndProject
Project("{9A19103F-16F7-4668-BE54-9A1E7A4F7556}") = "R5T.F0000", "..\..\R5T.F0000\source\R5T.F0000\R5T.F0000.csproj", "{0E1F9C48-0B72-4803-B880-8CCECDFB48F3}"
EndProject
Project("{9A19103F-16F7-4668-BE54-9A1E7A4F7556}") = "R5T.F0002", "..\..\R5T.F0002\source\R5T.F0002\R5T.F0002.csproj", "{6F21C996-CC7C-4D01-B6CD-0C0D682A3B89}"
EndProject
Project("{9A19103F-16F7-4668-BE54-9A1E7A4F7556}") = "R5T.F0020", "..\..\R5T.F0020\source\R5T.F0020\R5T.F0020.csproj", "{A3553023-C57B-4059-BEB0-655B28B5EB1E}"
EndProject
Project("{9A19103F-16F7-4668-BE54-9A1E7A4F7556}") = "R5T.F0040.F000", "..\..\R5T.F0040\source\R5T.F0040.F000\R5T.F0040.F000.csproj", "{6D64113C-8825-4D4C-95CA-F1315D0CBDFE}"
EndProject
Project("{9A19103F-16F7-4668-BE54-9A1E7A4F7556}") = "R5T.T0131", "..\..\R5T.T0131\source\R5T.T0131\R5T.T0131.csproj", "{B5CBD5A1-22E6-4202-ACC6-E40E38DCD453}"
EndProject
Project("{9A19103F-16F7-4668-BE54-9A1E7A4F7556}") = "R5T.T0132", "..\..\R5T.T0132\source\R5T.T0132\R5T.T0132.csproj", "{56C970D0-4315-4105-84AA-585C6E87C6B9}"
EndProject
Project("{9A19103F-16F7-4668-BE54-9A1E7A4F7556}") = "R5T.T0142", "..\..\R5T.T0142\source\R5T.T0142\R5T.T0142.csproj", "{9645296F-C993-4147-80F7-C1226613FE29}"
EndProject
Project("{9A19103F-16F7-4668-BE54-9A1E7A4F7556}") = "R5T.T0143", "..\..\R5T.T0143\source\R5T.T0143\R5T.T0143.csproj", "{075E4D17-79F2-4029-A6E4-2FBFF98678C9}"
EndProject
Project("{9A19103F-16F7-4668-BE54-9A1E7A4F7556}") = "R5T.T0152", "..\..\R5T.T0152\source\R5T.T0152\R5T.T0152.csproj", "{FC0F1F92-A223-4B72-A80B-A265F6002374}"
EndProject
Project("{9A19103F-16F7-4668-BE54-9A1E7A4F7556}") = "R5T.T0156", "..\..\R5T.T0156\source\R5T.T0156\R5T.T0156.csproj", "{81E42B38-0582-468D-B1E6-B9A97C740D55}"
EndProject
Project("{9A19103F-16F7-4668-BE54-9A1E7A4F7556}") = "R5T.Y0000", "..\..\R5T.Y0000\source\R5T.Y0000\R5T.Y0000.csproj", "{9D018176-A1D8-4050-8F48-427054C08068}"
EndProject
Project("{9A19103F-16F7-4668-BE54-9A1E7A4F7556}") = "R5T.Z0000", "..\..\R5T.Z0000\source\R5T.Z0000\R5T.Z0000.csproj", "{E1D04272-4C9E-4457-91A3-5EF885D055D4}"
EndProject
Project("{9A19103F-16F7-4668-BE54-9A1E7A4F7556}") = "R5T.T0150", "..\..\R5T.T0150\source\R5T.T0150\R5T.T0150.csproj", "{E65DB539-8288-419B-85C5-6CDFD5244B30}"
EndProject
Project("{9A19103F-16F7-4668-BE54-9A1E7A4F7556}") = "R5T.T0151", "..\..\R5T.T0151\source\R5T.T0151\R5T.T0151.csproj", "{E4EE7592-A0E0-4433-9353-A92C6C20BE05}"
EndProject
Project("{9A19103F-16F7-4668-BE54-9A1E7A4F7556}") = "R5T.T0172", "..\..\R5T.T0172\source\R5T.T0172\R5T.T0172.csproj", "{C3746832-826C-4C28-9CC6-AEB7E0FCD28D}"
EndProject
Project("{9A19103F-16F7-4668-BE54-9A1E7A4F7556}") = "R5T.T0178", "..\..\R5T.T0178\source\R5T.T0178\R5T.T0178.csproj", "{66179346-EDCE-4206-928F-2B5B7B78414A}"
EndProject
Project("{9A19103F-16F7-4668-BE54-9A1E7A4F7556}") = "R5T.T0179", "..\..\R5T.T0179\source\R5T.T0179\R5T.T0179.csproj", "{CAAD024D-50A6-4E5F-8340-7C4C3CCB7B5E}"
EndProject
Project("{9A19103F-16F7-4668-BE54-9A1E7A4F7556}") = "R5T.T0180", "..\..\R5T.T0180\source\R5T.T0180\R5T.T0180.csproj", "{A7B13191-4F55-49B2-9807-A916E98FC9F1}"
EndProject
Project("{9A19103F-16F7-4668-BE54-9A1E7A4F7556}") = "R5T.T0181", "..\..\R5T.T0181\source\R5T.T0181\R5T.T0181.csproj", "{9070A83A-F2DE-4103-A6F5-DC3C48EA760C}"
EndProject
Project("{9A19103F-16F7-4668-BE54-9A1E7A4F7556}") = "R5T.F0120", "..\..\R5T.F0120\source\R5T.F0120\R5T.F0120.csproj", "{EB59C110-5E7B-48DB-B76A-425A9BF61B1C}"
EndProject
Project("{9A19103F-16F7-4668-BE54-9A1E7A4F7556}") = "R5T.F0124", "..\..\R5T.F0124\source\R5T.F0124\R5T.F0124.csproj", "{EBB8FD55-AA49-42BA-9CDB-BE06E55714C0}"
EndProject
Project("{9A19103F-16F7-4668-BE54-9A1E7A4F7556}") = "R5T.F0125", "..\..\R5T.F0125\source\R5T.F0125\R5T.F0125.csproj", "{3B010E92-A24C-446E-AD70-D45A3483462C}"
EndProject
Project("{9A19103F-16F7-4668-BE54-9A1E7A4F7556}") = "R5T.L0030.T000", "..\..\R5T.L0030\source\R5T.L0030.T000\R5T.L0030.T000.csproj", "{289034CD-DF9C-49C0-A741-3260409D7D88}"
EndProject
Project("{9A19103F-16F7-4668-BE54-9A1E7A4F7556}") = "R5T.L0030", "..\..\R5T.L0030\source\R5T.L0030\R5T.L0030.csproj", "{430BDCB4-C261-4ACC-87D1-D7545B15E83B}"
EndProject
Project("{9A19103F-16F7-4668-BE54-9A1E7A4F7556}") = "R5T.L0031.T000", "..\..\R5T.L0031\source\R5T.L0031.T000\R5T.L0031.T000.csproj", "{91FBB321-B11B-4603-8E62-242A8B2E7D6B}"
EndProject
Project("{9A19103F-16F7-4668-BE54-9A1E7A4F7556}") = "R5T.L0031", "..\..\R5T.L0031\source\R5T.L0031\R5T.L0031.csproj", "{03F54973-D806-40BE-8A70-C9ADE53B6664}"
EndProject
Project("{9A19103F-16F7-4668-BE54-9A1E7A4F7556}") = "R5T.L0032.T000", "..\..\R5T.L0032\source\R5T.L0032.T000\R5T.L0032.T000.csproj", "{88BE3A2F-2B35-4378-A2C3-54798E60FEF6}"
EndProject
Project("{9A19103F-16F7-4668-BE54-9A1E7A4F7556}") = "R5T.L0032.Z000", "..\..\R5T.L0032\source\R5T.L0032.Z000\R5T.L0032.Z000.csproj", "{97479A2E-4E96-40B1-A446-FDBD146C13FC}"
EndProject
Project("{9A19103F-16F7-4668-BE54-9A1E7A4F7556}") = "R5T.L0032", "..\..\R5T.L0032\source\R5T.L0032\R5T.L0032.csproj", "{B3F112CF-0C52-4A55-8DF9-48AB86DA3B58}"
EndProject
Project("{9A19103F-16F7-4668-BE54-9A1E7A4F7556}") = "R5T.L0033.T000", "..\..\R5T.L0033\source\R5T.L0033.T000\R5T.L0033.T000.csproj", "{D6B8BDE0-E699-41FD-AAE6-E67640547132}"
EndProject
Project("{9A19103F-16F7-4668-BE54-9A1E7A4F7556}") = "R5T.L0033", "..\..\R5T.L0033\source\R5T.L0033\R5T.L0033.csproj", "{B052A65A-E5CA-4051-9A14-D9A3BE1E7007}"
EndProject
Project("{9A19103F-16F7-4668-BE54-9A1E7A4F7556}") = "R5T.L0034", "..\..\R5T.L0034\source\R5T.L0034\R5T.L0034.csproj", "{DEE38A52-DE91-4D3B-B7E1-1CD8AAB17D9A}"
EndProject
Project("{9A19103F-16F7-4668-BE54-9A1E7A4F7556}") = "R5T.L0035", "..\..\R5T.L0035\source\R5T.L0035\R5T.L0035.csproj", "{08119E66-3988-4378-9412-688078C82B52}"
EndProject
Project("{9A19103F-16F7-4668-BE54-9A1E7A4F7556}") = "R5T.T0137", "..\..\R5T.T0137\source\R5T.T0137\R5T.T0137.csproj", "{32D2C1CC-A05E-4D02-9862-4BD4483972AD}"
EndProject
Project("{9A19103F-16F7-4668-BE54-9A1E7A4F7556}") = "R5T.T0174", "..\..\R5T.T0174\source\R5T.T0174\R5T.T0174.csproj", "{04F08E8A-F782-4EDB-9478-08B1B8A7C3CE}"
EndProject
Project("{9A19103F-16F7-4668-BE54-9A1E7A4F7556}") = "R5T.T0176", "..\..\R5T.T0176\source\R5T.T0176\R5T.T0176.csproj", "{156B15C4-F921-4D9E-861F-8D6235061F76}"
EndProject
Project("{9A19103F-16F7-4668-BE54-9A1E7A4F7556}") = "R5T.T0177", "..\..\R5T.T0177\source\R5T.T0177\R5T.T0177.csproj", "{E057185B-674D-4450-95A0-0AEB1CF89BB8}"
EndProject
Project("{9A19103F-16F7-4668-BE54-9A1E7A4F7556}") = "R5T.T0185", "..\..\R5T.T0185\source\R5T.T0185\R5T.T0185.csproj", "{E6C4632D-133B-4FD9-8582-C1B0E1E3763B}"
EndProject
Project("{9A19103F-16F7-4668-BE54-9A1E7A4F7556}") = "R5T.T0187", "..\..\R5T.T0187\source\R5T.T0187\R5T.T0187.csproj", "{5229DF94-00AD-45E4-9C6D-C47DDE6CA6A1}"
EndProject
Project("{9A19103F-16F7-4668-BE54-9A1E7A4F7556}") = "R5T.T0198", "..\..\R5T.T0198\source\R5T.T0198\R5T.T0198.csproj", "{60270DF7-08AC-4E5E-B5DE-868908624E6B}"
EndProject
Project("{9A19103F-16F7-4668-BE54-9A1E7A4F7556}") = "R5T.T0202", "..\..\R5T.T0202\source\R5T.T0202\R5T.T0202.csproj", "{7E00F4E6-43FB-4E39-8CB3-C8AC00CC2462}"
EndProject
Project("{9A19103F-16F7-4668-BE54-9A1E7A4F7556}") = "R5T.T0203", "..\..\R5T.T0203\source\R5T.T0203\R5T.T0203.csproj", "{FADBA9DD-0A9E-458E-876A-5F279B647B00}"
EndProject
Project("{9A19103F-16F7-4668-BE54-9A1E7A4F7556}") = "R5T.Z0048", "..\..\R5T.Z0048\source\R5T.Z0048\R5T.Z0048.csproj", "{BA558231-0FA9-4BC9-82D0-D731D7E55144}"
EndProject
Project("{9A19103F-16F7-4668-BE54-9A1E7A4F7556}") = "R5T.T0161", "..\..\R5T.T0161\source\R5T.T0161\R5T.T0161.csproj", "{F5AB1A4F-9362-4AFF-AF76-ED3CFBD576ED}"
EndProject
Project("{9A19103F-16F7-4668-BE54-9A1E7A4F7556}") = "R5T.T0184", "..\..\R5T.T0184\source\R5T.T0184\R5T.T0184.csproj", "{EA645D26-BDC3-4BD1-A62C-158E8B2C0E7C}"
EndProject
Project("{9A19103F-16F7-4668-BE54-9A1E7A4F7556}") = "R5T.T0186", "..\..\R5T.T0186\source\R5T.T0186\R5T.T0186.csproj", "{E78B88C7-DCFB-4E4B-8D46-4D328E3AA86D}"
EndProject
Project("{9A19103F-16F7-4668-BE54-9A1E7A4F7556}") = "R5T.T0196", "..\..\R5T.T0196\source\R5T.T0196\R5T.T0196.csproj", "{54B141DB-7C9B-4525-A72B-35D0C13267A4}"
EndProject
Project("{9A19103F-16F7-4668-BE54-9A1E7A4F7556}") = "R5T.T0197", "..\..\R5T.T0197\source\R5T.T0197\R5T.T0197.csproj", "{C4419AEA-90A5-4BDD-9379-DA5881AB8B42}"
EndProject
Project("{9A19103F-16F7-4668-BE54-9A1E7A4F7556}") = "R5T.Z0046", "..\..\R5T.Z0046\source\R5T.Z0046\R5T.Z0046.csproj", "{AA13F216-196E-4E5D-A537-AB64432C5468}"
EndProject
Project("{9A19103F-16F7-4668-BE54-9A1E7A4F7556}") = "R5T.F0033", "..\..\R5T.F0033\source\R5T.F0033\R5T.F0033.csproj", "{BEE1DD1C-6A86-4381-9B53-E49FBF7A5113}"
EndProject
Project("{9A19103F-16F7-4668-BE54-9A1E7A4F7556}") = "R5T.O0009", "..\..\R5T.O0009\source\R5T.O0009\R5T.O0009.csproj", "{D1DA244D-2170-44C6-9B39-F73CDCACC65C}"
EndProject
Project("{9A19103F-16F7-4668-BE54-9A1E7A4F7556}") = "R5T.T0205", "..\..\R5T.T0205\source\R5T.T0205\R5T.T0205.csproj", "{A304A066-EF4B-4687-8FD6-56AFB36DE362}"
EndProject
Project("{9A19103F-16F7-4668-BE54-9A1E7A4F7556}") = "R5T.Z0050", "..\..\R5T.Z0050\source\R5T.Z0050\R5T.Z0050.csproj", "{88F5464B-02AE-4AF2-85FB-253E8EBEC675}"
EndProject
Project("{9A19103F-16F7-4668-BE54-9A1E7A4F7556}") = "R5T.T0206", "..\..\R5T.T0206\source\R5T.T0206\R5T.T0206.csproj", "{ADE16824-FD61-4CE2-A9F4-C579B976465C}"
EndProject
Project("{9A19103F-16F7-4668-BE54-9A1E7A4F7556}") = "R5T.Z0051", "..\..\R5T.Z0051\source\R5T.Z0051\R5T.Z0051.csproj", "{A3D8D3B7-617F-4DB0-A087-A50BF9CA3AA7}"
EndProject
Project("{9A19103F-16F7-4668-BE54-9A1E7A4F7556}") = "R5T.NG0022", "..\..\R5T.NG0022\source\R5T.NG0022\R5T.NG0022.csproj", "{96D172B5-5AD3-4018-8427-E837BB2F75F7}"
EndProject
Project("{9A19103F-16F7-4668-BE54-9A1E7A4F7556}") = "R5T.F0016.F001", "..\..\R5T.F0016\source\R5T.F0016.F001\R5T.F0016.F001.csproj", "{1A7E440D-5F71-4F84-BED0-F16C36C02B4C}"
EndProject
Project("{9A19103F-16F7-4668-BE54-9A1E7A4F7556}") = "R5T.F0016", "..\..\R5T.F0016\source\R5T.F0016\R5T.F0016.csproj", "{F8547D32-3C8A-4218-BDAE-B8E8C71E0AD5}"
EndProject
Project("{9A19103F-16F7-4668-BE54-9A1E7A4F7556}") = "R5T.Z0015", "..\..\R5T.Z0015\source\R5T.Z0015\R5T.Z0015.csproj", "{4BF6FC60-1331-4707-BC21-2C9B6FB6691B}"
EndProject
Project("{9A19103F-16F7-4668-BE54-9A1E7A4F7556}") = "R5T.T0141", "..\..\R5T.T0141\source\R5T.T0141\R5T.T0141.csproj", "{1979A44D-277F-40A8-B783-C23A6D362F7F}"
EndProject
Project("{9A19103F-16F7-4668-BE54-9A1E7A4F7556}") = "R5T.Z0008", "..\..\R5T.Z0008\source\R5T.Z0008\R5T.Z0008.csproj", "{BDE0B17D-60B8-4869-B95A-61C153AD7606}"
EndProject
Project("{9A19103F-16F7-4668-BE54-9A1E7A4F7556}") = "R5T.T0208", "..\..\R5T.T0208\source\R5T.T0208\R5T.T0208.csproj", "{BA85DCED-2196-4EF2-B721-7E68F20B3846}"
EndProject
Project("{9A19103F-16F7-4668-BE54-9A1E7A4F7556}") = "R5T.F0019", "..\..\R5T.F0019\source\R5T.F0019\R5T.F0019.csproj", "{23959DA5-5941-421F-A2FD-AF6BA2B76160}"
EndProject
Project("{9A19103F-16F7-4668-BE54-9A1E7A4F7556}") = "R5T.F0032", "..\..\R5T.F0032\source\R5T.F0032\R5T.F0032.csproj", "{E6BCE631-3EE2-4A3A-A337-7B4FB247C00E}"
EndProject
Project("{9A19103F-16F7-4668-BE54-9A1E7A4F7556}") = "R5T.F0041", "..\..\R5T.F0041\source\R5T.F0041\R5T.F0041.csproj", "{5F47EEDF-0A89-4154-A709-7582054FE419}"
EndProject
Project("{9A19103F-16F7-4668-BE54-9A1E7A4F7556}") = "R5T.F0044", "..\..\R5T.F0044\source\R5T.F0044\R5T.F0044.csproj", "{C68F662C-5C2F-4D80-8F02-F4C9288FB100}"
EndProject
Project("{9A19103F-16F7-4668-BE54-9A1E7A4F7556}") = "R5T.F0046", "..\..\R5T.F0046\source\R5T.F0046\R5T.F0046.csproj", "{B5EB59BB-1F0E-4047-B46C-087283F3568B}"
EndProject
Project("{9A19103F-16F7-4668-BE54-9A1E7A4F7556}") = "R5T.F0047", "..\..\R5T.F0047\source\R5T.F0047\R5T.F0047.csproj", "{C98C35B0-3396-4A3B-BD54-21C9D87522E0}"
EndProject
Project("{9A19103F-16F7-4668-BE54-9A1E7A4F7556}") = "R5T.F0057", "..\..\R5T.F0057\source\R5T.F0057\R5T.F0057.csproj", "{6BCF8132-DDBD-405E-8943-0C2EE0FAD5F5}"
EndProject
Project("{9A19103F-16F7-4668-BE54-9A1E7A4F7556}") = "R5T.L0001.Y000", "..\..\R5T.L0001\source\R5T.L0001.Y000\R5T.L0001.Y000.csproj", "{A132598F-24EF-4C9A-B6CF-D281014564F3}"
EndProject
Project("{9A19103F-16F7-4668-BE54-9A1E7A4F7556}") = "R5T.L0001.Z000", "..\..\R5T.L0001\source\R5T.L0001.Z000\R5T.L0001.Z000.csproj", "{F6027B86-64EB-4179-B7F5-91DACB872D4E}"
EndProject
Project("{9A19103F-16F7-4668-BE54-9A1E7A4F7556}") = "R5T.L0001", "..\..\R5T.L0001\source\R5T.L0001\R5T.L0001.csproj", "{DB2C6F1C-ADDD-4607-B1A6-AE0385F6C151}"
EndProject
Project("{9A19103F-16F7-4668-BE54-9A1E7A4F7556}") = "R5T.L0036.T000", "..\..\R5T.L0036\source\R5T.L0036.T000\R5T.L0036.T000.csproj", "{D7FA8C69-8D54-4B71-AABC-C6BE8C9680A8}"
EndProject
Project("{9A19103F-16F7-4668-BE54-9A1E7A4F7556}") = "R5T.L0036", "..\..\R5T.L0036\source\R5T.L0036\R5T.L0036.csproj", "{04A8FD0E-6E7B-4392-A4C6-02024C46B698}"
EndProject
Project("{9A19103F-16F7-4668-BE54-9A1E7A4F7556}") = "R5T.NG0005", "..\..\R5T.NG0005\source\R5T.NG0005\R5T.NG0005.csproj", "{226BEBE4-EDE6-497C-A5FE-ABF2DE3BAE88}"
EndProject
Project("{9A19103F-16F7-4668-BE54-9A1E7A4F7556}") = "R5T.NG0006", "..\..\R5T.NG0006\source\R5T.NG0006\R5T.NG0006.csproj", "{F6F0CFF2-7098-4002-B25E-AB799CE87DBF}"
EndProject
Project("{9A19103F-16F7-4668-BE54-9A1E7A4F7556}") = "R5T.NG0008", "..\..\R5T.NG0008\source\R5T.NG0008\R5T.NG0008.csproj", "{08BB8C3A-85B4-4154-857E-A25B8FA4A956}"
EndProject
Project("{9A19103F-16F7-4668-BE54-9A1E7A4F7556}") = "R5T.O0017", "..\..\R5T.O0017\source\R5T.O0017\R5T.O0017.csproj", "{D6AC1573-8259-45EF-9D28-B7380A3CB05E}"
EndProject
Project("{9A19103F-16F7-4668-BE54-9A1E7A4F7556}") = "R5T.O0023", "..\..\R5T.O0023\source\R5T.O0023\R5T.O0023.csproj", "{12FB4250-542F-451F-847D-AACDDB87B38E}"
EndProject
Project("{9A19103F-16F7-4668-BE54-9A1E7A4F7556}") = "R5T.T0046", "..\..\R5T.T0046\source\R5T.T0046\R5T.T0046.csproj", "{3FD43B25-6DFA-4DE1-938A-D6799033A28B}"
EndProject
Project("{9A19103F-16F7-4668-BE54-9A1E7A4F7556}") = "R5T.T0144", "..\..\R5T.T0144\source\R5T.T0144\R5T.T0144.csproj", "{EF50B537-5E1A-4649-8B16-EE22065D4CF7}"
EndProject
Project("{9A19103F-16F7-4668-BE54-9A1E7A4F7556}") = "R5T.T0158", "..\..\R5T.T0158\source\R5T.T0158\R5T.T0158.csproj", "{B2A49E8C-371D-462A-8BC4-ED1CCBA359D0}"
EndProject
Project("{9A19103F-16F7-4668-BE54-9A1E7A4F7556}") = "R5T.T0159", "..\..\R5T.T0159\source\R5T.T0159\R5T.T0159.csproj", "{2E69A94C-C3C0-4895-9388-EBEBF46E40F2}"
EndProject
Project("{9A19103F-16F7-4668-BE54-9A1E7A4F7556}") = "R5T.T0200", "..\..\R5T.T0200\source\R5T.T0200\R5T.T0200.csproj", "{CD48B7D4-AA90-4381-861E-78F759EC1604}"
EndProject
Project("{9A19103F-16F7-4668-BE54-9A1E7A4F7556}") = "R5T.T0209", "..\..\R5T.T0209\source\R5T.T0209\R5T.T0209.csproj", "{3B8CA599-7372-41B7-8FC8-EB4F0C2B8C70}"
EndProject
Project("{9A19103F-16F7-4668-BE54-9A1E7A4F7556}") = "R5T.Y0004", "..\..\R5T.Y0004\source\R5T.Y0004\R5T.Y0004.csproj", "{A36DD2D2-EC7B-4FC6-93FE-642A91F9040E}"
EndProject
Project("{9A19103F-16F7-4668-BE54-9A1E7A4F7556}") = "R5T.Z0005", "..\..\R5T.Z0005\source\R5T.Z0005\R5T.Z0005.csproj", "{A359A65B-075B-455D-B199-08202BDEE8E3}"
EndProject
Project("{9A19103F-16F7-4668-BE54-9A1E7A4F7556}") = "R5T.Z0013", "..\..\R5T.Z0013\source\R5T.Z0013\R5T.Z0013.csproj", "{66C072C1-019F-4313-8B51-864A0F8C6812}"
EndProject
Project("{9A19103F-16F7-4668-BE54-9A1E7A4F7556}") = "R5T.F0091", "..\..\R5T.F0091\source\R5T.F0091\R5T.F0091.csproj", "{C4602B2F-86C1-4D57-BBD5-F2D56A674EC5}"
EndProject
Project("{9A19103F-16F7-4668-BE54-9A1E7A4F7556}") = "R5T.T0210", "..\..\R5T.T0210\source\R5T.T0210\R5T.T0210.csproj", "{E8B6DD9C-599D-4403-9845-503F10A97F34}"
EndProject
Project("{9A19103F-16F7-4668-BE54-9A1E7A4F7556}") = "R5T.Z0052.Z000", "..\..\R5T.Z0052\source\R5T.Z0052.Z000\R5T.Z0052.Z000.csproj", "{E23C2E27-887C-4C52-8410-189CAB8AB182}"
EndProject
Project("{9A19103F-16F7-4668-BE54-9A1E7A4F7556}") = "R5T.Z0052.Z001", "..\..\R5T.Z0052\source\R5T.Z0052.Z001\R5T.Z0052.Z001.csproj", "{C9AC0BD8-9B45-4BA2-8317-EA402E363D5E}"
EndProject
Project("{9A19103F-16F7-4668-BE54-9A1E7A4F7556}") = "R5T.Z0052", "..\..\R5T.Z0052\source\R5T.Z0052\R5T.Z0052.csproj", "{0478CADA-C922-456B-B668-6CEDF9C71AE4}"
EndProject
Project("{9A19103F-16F7-4668-BE54-9A1E7A4F7556}") = "R5T.L0032.F000", "..\..\R5T.L0032\source\R5T.L0032.F000\R5T.L0032.F000.csproj", "{175DE636-2091-4445-B013-D4E7C6BE784F}"
EndProject
Project("{9A19103F-16F7-4668-BE54-9A1E7A4F7556}") = "R5T.L0033.Z001", "..\..\R5T.L0033\source\R5T.L0033.Z001\R5T.L0033.Z001.csproj", "{E7542986-44E9-4421-9816-FB3C7C80BFA4}"
EndProject
Project("{9A19103F-16F7-4668-BE54-9A1E7A4F7556}") = "R5T.L0033.Z002", "..\..\R5T.L0033\source\R5T.L0033.Z002\R5T.L0033.Z002.csproj", "{AA6B7C0E-5CA6-44D5-8947-6C796144E976}"
EndProject
Project("{9A19103F-16F7-4668-BE54-9A1E7A4F7556}") = "R5T.O0025.O000", "..\..\R5T.O0025\source\R5T.O0025.O000\R5T.O0025.O000.csproj", "{88664F2F-F651-4B1A-ABFA-3DA91E7E4640}"
EndProject
Project("{9A19103F-16F7-4668-BE54-9A1E7A4F7556}") = "R5T.O0025.O001", "..\..\R5T.O0025\source\R5T.O0025.O001\R5T.O0025.O001.csproj", "{66DA96B7-D24D-4CAC-9D94-EA0254554FE2}"
EndProject
Project("{9A19103F-16F7-4668-BE54-9A1E7A4F7556}") = "R5T.O0025.O002", "..\..\R5T.O0025\source\R5T.O0025.O002\R5T.O0025.O002.csproj", "{02A8AADD-80E9-4524-8C9A-C5C6709B3D71}"
EndProject
Project("{9A19103F-16F7-4668-BE54-9A1E7A4F7556}") = "R5T.O0025", "..\..\R5T.O0025\source\R5T.O0025\R5T.O0025.csproj", "{722FA9F6-E4CF-4CE4-8661-DF56D66CEF66}"
EndProject
Project("{9A19103F-16F7-4668-BE54-9A1E7A4F7556}") = "R5T.O0025.O003", "..\..\R5T.O0025\source\R5T.O0025.O003\R5T.O0025.O003.csproj", "{6C6DBEE8-8902-4412-A753-3E549A4B702E}"
EndProject
Project("{9A19103F-16F7-4668-BE54-9A1E7A4F7556}") = "R5T.O0026", "..\..\R5T.O0026\source\R5T.O0026\R5T.O0026.csproj", "{09668ED6-AA0D-43D3-94EA-7FDBF55B04F8}"
EndProject
Project("{9A19103F-16F7-4668-BE54-9A1E7A4F7556}") = "R5T.F0033.Platform", "..\..\R5T.F0033\source\R5T.F0033.Platform\R5T.F0033.Platform.csproj", "{990D9EF9-E2AD-4E73-B25E-CC81681A0CAE}"
EndProject
Project("{9A19103F-16F7-4668-BE54-9A1E7A4F7556}") = "R5T.F0059", "..\..\R5T.F0059\source\R5T.F0059\R5T.F0059.csproj", "{C04C02A0-0043-473B-9953-1D9A30C9ED38}"
EndProject
Project("{9A19103F-16F7-4668-BE54-9A1E7A4F7556}") = "R5T.F0129", "..\..\R5T.F0129\source\R5T.F0129\R5T.F0129.csproj", "{4070E724-7470-423C-BC2E-9DA1353B5112}"
EndProject
Project("{9A19103F-16F7-4668-BE54-9A1E7A4F7556}") = "R5T.F0130", "..\..\R5T.F0130\source\R5T.F0130\R5T.F0130.csproj", "{11068824-BCA1-495F-B2BA-8F77C12C3766}"
EndProject
Project("{9A19103F-16F7-4668-BE54-9A1E7A4F7556}") = "R5T.L0053", "..\..\R5T.L0053\source\R5T.L0053\R5T.L0053.csproj", "{18BDA4FA-B4B8-46E1-BF86-2EEE754BEF51}"
EndProject
Project("{9A19103F-16F7-4668-BE54-9A1E7A4F7556}") = "R5T.L0056", "..\..\R5T.L0056\source\R5T.L0056\R5T.L0056.csproj", "{7CE28688-ED80-4325-AD1D-AC7E5AA9FEF6}"
EndProject
Project("{9A19103F-16F7-4668-BE54-9A1E7A4F7556}") = "R5T.L0057", "..\..\R5T.L0057\source\R5T.L0057\R5T.L0057.csproj", "{C5F4FF13-0246-4C88-9AEB-7243CEBE20B4}"
EndProject
Project("{9A19103F-16F7-4668-BE54-9A1E7A4F7556}") = "R5T.L0061", "..\..\R5T.L0061\source\R5T.L0061\R5T.L0061.csproj", "{B3FC06C5-EF32-4BBC-8675-9EC80F6A302C}"
EndProject
Project("{9A19103F-16F7-4668-BE54-9A1E7A4F7556}") = "R5T.L0066", "..\..\R5T.L0066\source\R5T.L0066\R5T.L0066.csproj", "{A1095863-E711-4F7F-B12D-4C4C16F1032E}"
EndProject
Project("{9A19103F-16F7-4668-BE54-9A1E7A4F7556}") = "R5T.NG0010", "..\..\R5T.NG0010\source\R5T.NG0010\R5T.NG0010.csproj", "{FAEFDFEC-79C2-4524-ABC8-9E75E0B6E437}"
EndProject
Project("{9A19103F-16F7-4668-BE54-9A1E7A4F7556}") = "R5T.O0026.O001", "..\..\R5T.O0026\source\R5T.O0026.O001\R5T.O0026.O001.csproj", "{8F8C6BC5-E453-44EA-9719-0834426EC41D}"
EndProject
Project("{9A19103F-16F7-4668-BE54-9A1E7A4F7556}") = "R5T.O0026.O002", "..\..\R5T.O0026\source\R5T.O0026.O002\R5T.O0026.O002.csproj", "{B5A5B840-1AC9-49F4-A142-5B7D83D74896}"
EndProject
Project("{9A19103F-16F7-4668-BE54-9A1E7A4F7556}") = "R5T.T0194", "..\..\R5T.T0194\source\R5T.T0194\R5T.T0194.csproj", "{0561D1F6-DAD3-46EB-A52A-D9741B348CFD}"
EndProject
Project("{9A19103F-16F7-4668-BE54-9A1E7A4F7556}") = "R5T.T0199", "..\..\R5T.T0199\source\R5T.T0199\R5T.T0199.csproj", "{48412C82-528E-4636-BC63-703FAD06B095}"
EndProject
Project("{9A19103F-16F7-4668-BE54-9A1E7A4F7556}") = "R5T.T0213", "..\..\R5T.T0213\source\R5T.T0213\R5T.T0213.csproj", "{2D442E5E-4D1B-45BD-9D1D-45128FD54B3C}"
EndProject
Project("{9A19103F-16F7-4668-BE54-9A1E7A4F7556}") = "R5T.T0218", "..\..\R5T.T0218\source\R5T.T0218\R5T.T0218.csproj", "{04C18267-AF23-49CE-B256-669B05E6A89B}"
EndProject
Project("{9A19103F-16F7-4668-BE54-9A1E7A4F7556}") = "R5T.T0219", "..\..\R5T.T0219\source\R5T.T0219\R5T.T0219.csproj", "{2DE1688B-8DE2-449C-B499-ACAB1881645E}"
EndProject
Project("{9A19103F-16F7-4668-BE54-9A1E7A4F7556}") = "R5T.T0220", "..\..\R5T.T0220\source\R5T.T0220\R5T.T0220.csproj", "{546845FB-5670-4E76-972B-E9C107FAD7CB}"
EndProject
Project("{9A19103F-16F7-4668-BE54-9A1E7A4F7556}") = "R5T.T0221", "..\..\R5T.T0221\source\R5T.T0221\R5T.T0221.csproj", "{D52049C2-1212-4C9D-9EB1-22245DAFDB0F}"
EndProject
Project("{9A19103F-16F7-4668-BE54-9A1E7A4F7556}") = "R5T.T0224", "..\..\R5T.T0224\source\R5T.T0224\R5T.T0224.csproj", "{119B86C4-3B44-44C9-875E-2386A4318424}"
EndProject
Project("{9A19103F-16F7-4668-BE54-9A1E7A4F7556}") = "R5T.T0227", "..\..\R5T.T0227\source\R5T.T0227\R5T.T0227.csproj", "{A060503C-8846-42A8-A5B7-8A3C1914ED83}"
EndProject
Project("{9A19103F-16F7-4668-BE54-9A1E7A4F7556}") = "R5T.Y0006", "..\..\R5T.Y0006\source\R5T.Y0006\R5T.Y0006.csproj", "{902DA9E3-F1A6-41D2-82A6-63483038433F}"
EndProject
Project("{9A19103F-16F7-4668-BE54-9A1E7A4F7556}") = "R5T.Z0010.Platform", "..\..\R5T.Z0010\source\R5T.Z0010.Platform\R5T.Z0010.Platform.csproj", "{978F8B86-F159-4605-981A-18791D1D17C6}"
EndProject
Project("{9A19103F-16F7-4668-BE54-9A1E7A4F7556}") = "R5T.Z0010", "..\..\R5T.Z0010\source\R5T.Z0010\R5T.Z0010.csproj", "{FB23E629-BC7D-44AD-8C47-88E72D76ECE4}"
EndProject
Project("{9A19103F-16F7-4668-BE54-9A1E7A4F7556}") = "R5T.Z0044.Z001", "..\..\R5T.Z0044\source\R5T.Z0044.Z001\R5T.Z0044.Z001.csproj", "{628AC40B-B79D-43C1-AAE3-6DF1A19C8248}"
EndProject
Project("{9A19103F-16F7-4668-BE54-9A1E7A4F7556}") = "R5T.Z0046.Platform", "..\..\R5T.Z0046\source\R5T.Z0046.Platform\R5T.Z0046.Platform.csproj", "{F79A059D-45BA-478B-A688-C9BEB18404A0}"
EndProject
Project("{9A19103F-16F7-4668-BE54-9A1E7A4F7556}") = "R5T.Z0057.Platform", "..\..\R5T.Z0057\source\R5T.Z0057.Platform\R5T.Z0057.Platform.csproj", "{E34958F5-34CA-4E24-942B-682359B5CE1A}"
EndProject
Project("{9A19103F-16F7-4668-BE54-9A1E7A4F7556}") = "R5T.Z0057", "..\..\R5T.Z0057\source\R5T.Z0057\R5T.Z0057.csproj", "{C4FA7D52-DB1A-467C-ACEE-3356A2FE9698}"
EndProject
Project("{9A19103F-16F7-4668-BE54-9A1E7A4F7556}") = "R5T.Z0058", "..\..\R5T.Z0058\source\R5T.Z0058\R5T.Z0058.csproj", "{41C62B16-DC61-4772-8F51-C6F85D853291}"
EndProject
Project("{9A19103F-16F7-4668-BE54-9A1E7A4F7556}") = "R5T.L0032.F001", "..\..\R5T.L0032\source\R5T.L0032.F001\R5T.L0032.F001.csproj", "{64908CD3-6981-44B8-A7F4-F2C2B40B006C}"
EndProject
Project("{9A19103F-16F7-4668-BE54-9A1E7A4F7556}") = "R5T.L0032.F003", "..\..\R5T.L0032\source\R5T.L0032.F003\R5T.L0032.F003.csproj", "{99443BF0-0274-46C1-844E-7BD2108A703B}"
EndProject
Project("{9A19103F-16F7-4668-BE54-9A1E7A4F7556}") = "R5T.L0032.F004", "..\..\R5T.L0032\source\R5T.L0032.F004\R5T.L0032.F004.csproj", "{A79E24EA-732D-4715-8249-BFA9C9F2D005}"
EndProject
Project("{9A19103F-16F7-4668-BE54-9A1E7A4F7556}") = "R5T.L0032.Y000", "..\..\R5T.L0032\source\R5T.L0032.Y000\R5T.L0032.Y000.csproj", "{42EE808D-B115-4FEC-BD2F-FA2708103088}"
EndProject
Project("{9A19103F-16F7-4668-BE54-9A1E7A4F7556}") = "R5T.L0032.Z001", "..\..\R5T.L0032\source\R5T.L0032.Z001\R5T.L0032.Z001.csproj", "{578A48AC-E6CC-4C81-B5C6-28113389ED0C}"
EndProject
Project("{9A19103F-16F7-4668-BE54-9A1E7A4F7556}") = "R5T.L0032.Z002", "..\..\R5T.L0032\source\R5T.L0032.Z002\R5T.L0032.Z002.csproj", "{FA392193-221D-48D5-95A8-D2AC42700EC8}"
EndProject
Project("{9A19103F-16F7-4668-BE54-9A1E7A4F7556}") = "R5T.L0071", "..\..\R5T.L0071\source\R5T.L0071\R5T.L0071.csproj", "{A0B22A06-EC94-4FF9-AEE7-019F5484B862}"
EndProject
Project("{9A19103F-16F7-4668-BE54-9A1E7A4F7556}") = "R5T.L0072", "..\..\R5T.L0072\source\R5T.L0072\R5T.L0072.csproj", "{A0FF0442-A71F-4424-A115-9DB90E1F1EBD}"
EndProject
Project("{9A19103F-16F7-4668-BE54-9A1E7A4F7556}") = "R5T.L0074", "..\..\R5T.L0074\source\R5T.L0074\R5T.L0074.csproj", "{5C8A7EE3-AF19-4C1C-8AAE-BD8A3D64BF8F}"
EndProject
Project("{9A19103F-16F7-4668-BE54-9A1E7A4F7556}") = "R5T.L0083.F001", "..\..\R5T.L0083\source\R5T.L0083.F001\R5T.L0083.F001.csproj", "{5F0A5B30-77C8-47BC-A24F-B1170034005B}"
EndProject
Project("{9A19103F-16F7-4668-BE54-9A1E7A4F7556}") = "R5T.L0089.F000", "..\..\R5T.L0089\source\R5T.L0089.F000\R5T.L0089.F000.csproj", "{8010599D-CC08-4DE7-9CA8-90D9EA966B0A}"
EndProject
Project("{9A19103F-16F7-4668-BE54-9A1E7A4F7556}") = "R5T.L0089.T000", "..\..\R5T.L0089\source\R5T.L0089.T000\R5T.L0089.T000.csproj", "{6C27B8B6-5878-4757-BC90-10F90E86A35A}"
EndProject
Project("{9A19103F-16F7-4668-BE54-9A1E7A4F7556}") = "R5T.L0089", "..\..\R5T.L0089\source\R5T.L0089\R5T.L0089.csproj", "{2203D3E9-5F32-4D99-833A-2C8C790EF0C1}"
EndProject
Project("{9A19103F-16F7-4668-BE54-9A1E7A4F7556}") = "R5T.NG0023", "..\..\R5T.NG0023\source\R5T.NG0023\R5T.NG0023.csproj", "{3A9D5C15-9A0F-45B0-BA4F-EFB65D5DF037}"
EndProject
Project("{9A19103F-16F7-4668-BE54-9A1E7A4F7556}") = "R5T.T0199.T000", "..\..\R5T.T0199\source\R5T.T0199.T000\R5T.T0199.T000.csproj", "{F2F861C4-F29C-4C08-86BC-6249D50374AF}"
EndProject
Project("{9A19103F-16F7-4668-BE54-9A1E7A4F7556}") = "R5T.T0199.T001", "..\..\R5T.T0199\source\R5T.T0199.T001\R5T.T0199.T001.csproj", "{09BAB841-D8B5-43A3-93E2-68F889AF90B9}"
EndProject
Project("{9A19103F-16F7-4668-BE54-9A1E7A4F7556}") = "R5T.T0240", "..\..\R5T.T0240\source\R5T.T0240\R5T.T0240.csproj", "{B2468E49-3ED5-4E84-9D19-2FC2C80D8EEF}"
EndProject
Project("{9A19103F-16F7-4668-BE54-9A1E7A4F7556}") = "R5T.T0241", "..\..\R5T.T0241\source\R5T.T0241\R5T.T0241.csproj", "{1B24E121-8D0E-4249-9227-7D286B1BDDB4}"
EndProject
Global
	GlobalSection(NestedProjects) = preSolution
		{787DC9F8-52AA-4B78-AD5E-350929A80144} = {E00BE2A6-79DB-45B6-83B3-AAE00DB62E1D}
		{0E1F9C48-0B72-4803-B880-8CCECDFB48F3} = {E00BE2A6-79DB-45B6-83B3-AAE00DB62E1D}
		{6F21C996-CC7C-4D01-B6CD-0C0D682A3B89} = {E00BE2A6-79DB-45B6-83B3-AAE00DB62E1D}
		{A3553023-C57B-4059-BEB0-655B28B5EB1E} = {E00BE2A6-79DB-45B6-83B3-AAE00DB62E1D}
		{6D64113C-8825-4D4C-95CA-F1315D0CBDFE} = {E00BE2A6-79DB-45B6-83B3-AAE00DB62E1D}
		{B5CBD5A1-22E6-4202-ACC6-E40E38DCD453} = {E00BE2A6-79DB-45B6-83B3-AAE00DB62E1D}
		{56C970D0-4315-4105-84AA-585C6E87C6B9} = {E00BE2A6-79DB-45B6-83B3-AAE00DB62E1D}
		{9645296F-C993-4147-80F7-C1226613FE29} = {E00BE2A6-79DB-45B6-83B3-AAE00DB62E1D}
		{075E4D17-79F2-4029-A6E4-2FBFF98678C9} = {E00BE2A6-79DB-45B6-83B3-AAE00DB62E1D}
		{FC0F1F92-A223-4B72-A80B-A265F6002374} = {E00BE2A6-79DB-45B6-83B3-AAE00DB62E1D}
		{81E42B38-0582-468D-B1E6-B9A97C740D55} = {E00BE2A6-79DB-45B6-83B3-AAE00DB62E1D}
		{9D018176-A1D8-4050-8F48-427054C08068} = {E00BE2A6-79DB-45B6-83B3-AAE00DB62E1D}
		{E1D04272-4C9E-4457-91A3-5EF885D055D4} = {E00BE2A6-79DB-45B6-83B3-AAE00DB62E1D}
		{E65DB539-8288-419B-85C5-6CDFD5244B30} = {E00BE2A6-79DB-45B6-83B3-AAE00DB62E1D}
		{E4EE7592-A0E0-4433-9353-A92C6C20BE05} = {E00BE2A6-79DB-45B6-83B3-AAE00DB62E1D}
		{C3746832-826C-4C28-9CC6-AEB7E0FCD28D} = {E00BE2A6-79DB-45B6-83B3-AAE00DB62E1D}
		{66179346-EDCE-4206-928F-2B5B7B78414A} = {E00BE2A6-79DB-45B6-83B3-AAE00DB62E1D}
		{CAAD024D-50A6-4E5F-8340-7C4C3CCB7B5E} = {E00BE2A6-79DB-45B6-83B3-AAE00DB62E1D}
		{A7B13191-4F55-49B2-9807-A916E98FC9F1} = {E00BE2A6-79DB-45B6-83B3-AAE00DB62E1D}
		{9070A83A-F2DE-4103-A6F5-DC3C48EA760C} = {E00BE2A6-79DB-45B6-83B3-AAE00DB62E1D}
		{EB59C110-5E7B-48DB-B76A-425A9BF61B1C} = {E00BE2A6-79DB-45B6-83B3-AAE00DB62E1D}
		{EBB8FD55-AA49-42BA-9CDB-BE06E55714C0} = {E00BE2A6-79DB-45B6-83B3-AAE00DB62E1D}
		{3B010E92-A24C-446E-AD70-D45A3483462C} = {E00BE2A6-79DB-45B6-83B3-AAE00DB62E1D}
		{289034CD-DF9C-49C0-A741-3260409D7D88} = {E00BE2A6-79DB-45B6-83B3-AAE00DB62E1D}
		{430BDCB4-C261-4ACC-87D1-D7545B15E83B} = {E00BE2A6-79DB-45B6-83B3-AAE00DB62E1D}
		{91FBB321-B11B-4603-8E62-242A8B2E7D6B} = {E00BE2A6-79DB-45B6-83B3-AAE00DB62E1D}
		{03F54973-D806-40BE-8A70-C9ADE53B6664} = {E00BE2A6-79DB-45B6-83B3-AAE00DB62E1D}
		{88BE3A2F-2B35-4378-A2C3-54798E60FEF6} = {E00BE2A6-79DB-45B6-83B3-AAE00DB62E1D}
		{97479A2E-4E96-40B1-A446-FDBD146C13FC} = {E00BE2A6-79DB-45B6-83B3-AAE00DB62E1D}
		{B3F112CF-0C52-4A55-8DF9-48AB86DA3B58} = {E00BE2A6-79DB-45B6-83B3-AAE00DB62E1D}
		{D6B8BDE0-E699-41FD-AAE6-E67640547132} = {E00BE2A6-79DB-45B6-83B3-AAE00DB62E1D}
		{B052A65A-E5CA-4051-9A14-D9A3BE1E7007} = {E00BE2A6-79DB-45B6-83B3-AAE00DB62E1D}
		{DEE38A52-DE91-4D3B-B7E1-1CD8AAB17D9A} = {E00BE2A6-79DB-45B6-83B3-AAE00DB62E1D}
		{08119E66-3988-4378-9412-688078C82B52} = {E00BE2A6-79DB-45B6-83B3-AAE00DB62E1D}
		{32D2C1CC-A05E-4D02-9862-4BD4483972AD} = {E00BE2A6-79DB-45B6-83B3-AAE00DB62E1D}
		{04F08E8A-F782-4EDB-9478-08B1B8A7C3CE} = {E00BE2A6-79DB-45B6-83B3-AAE00DB62E1D}
		{156B15C4-F921-4D9E-861F-8D6235061F76} = {E00BE2A6-79DB-45B6-83B3-AAE00DB62E1D}
		{E057185B-674D-4450-95A0-0AEB1CF89BB8} = {E00BE2A6-79DB-45B6-83B3-AAE00DB62E1D}
		{E6C4632D-133B-4FD9-8582-C1B0E1E3763B} = {E00BE2A6-79DB-45B6-83B3-AAE00DB62E1D}
		{5229DF94-00AD-45E4-9C6D-C47DDE6CA6A1} = {E00BE2A6-79DB-45B6-83B3-AAE00DB62E1D}
		{60270DF7-08AC-4E5E-B5DE-868908624E6B} = {E00BE2A6-79DB-45B6-83B3-AAE00DB62E1D}
		{7E00F4E6-43FB-4E39-8CB3-C8AC00CC2462} = {E00BE2A6-79DB-45B6-83B3-AAE00DB62E1D}
		{FADBA9DD-0A9E-458E-876A-5F279B647B00} = {E00BE2A6-79DB-45B6-83B3-AAE00DB62E1D}
		{BA558231-0FA9-4BC9-82D0-D731D7E55144} = {E00BE2A6-79DB-45B6-83B3-AAE00DB62E1D}
		{F5AB1A4F-9362-4AFF-AF76-ED3CFBD576ED} = {E00BE2A6-79DB-45B6-83B3-AAE00DB62E1D}
		{EA645D26-BDC3-4BD1-A62C-158E8B2C0E7C} = {E00BE2A6-79DB-45B6-83B3-AAE00DB62E1D}
		{E78B88C7-DCFB-4E4B-8D46-4D328E3AA86D} = {E00BE2A6-79DB-45B6-83B3-AAE00DB62E1D}
		{54B141DB-7C9B-4525-A72B-35D0C13267A4} = {E00BE2A6-79DB-45B6-83B3-AAE00DB62E1D}
		{C4419AEA-90A5-4BDD-9379-DA5881AB8B42} = {E00BE2A6-79DB-45B6-83B3-AAE00DB62E1D}
		{AA13F216-196E-4E5D-A537-AB64432C5468} = {E00BE2A6-79DB-45B6-83B3-AAE00DB62E1D}
		{BEE1DD1C-6A86-4381-9B53-E49FBF7A5113} = {E00BE2A6-79DB-45B6-83B3-AAE00DB62E1D}
		{D1DA244D-2170-44C6-9B39-F73CDCACC65C} = {E00BE2A6-79DB-45B6-83B3-AAE00DB62E1D}
		{A304A066-EF4B-4687-8FD6-56AFB36DE362} = {E00BE2A6-79DB-45B6-83B3-AAE00DB62E1D}
		{88F5464B-02AE-4AF2-85FB-253E8EBEC675} = {E00BE2A6-79DB-45B6-83B3-AAE00DB62E1D}
		{ADE16824-FD61-4CE2-A9F4-C579B976465C} = {E00BE2A6-79DB-45B6-83B3-AAE00DB62E1D}
		{A3D8D3B7-617F-4DB0-A087-A50BF9CA3AA7} = {E00BE2A6-79DB-45B6-83B3-AAE00DB62E1D}
		{96D172B5-5AD3-4018-8427-E837BB2F75F7} = {E00BE2A6-79DB-45B6-83B3-AAE00DB62E1D}
		{1A7E440D-5F71-4F84-BED0-F16C36C02B4C} = {E00BE2A6-79DB-45B6-83B3-AAE00DB62E1D}
		{F8547D32-3C8A-4218-BDAE-B8E8C71E0AD5} = {E00BE2A6-79DB-45B6-83B3-AAE00DB62E1D}
		{4BF6FC60-1331-4707-BC21-2C9B6FB6691B} = {E00BE2A6-79DB-45B6-83B3-AAE00DB62E1D}
		{1979A44D-277F-40A8-B783-C23A6D362F7F} = {E00BE2A6-79DB-45B6-83B3-AAE00DB62E1D}
		{BDE0B17D-60B8-4869-B95A-61C153AD7606} = {E00BE2A6-79DB-45B6-83B3-AAE00DB62E1D}
		{BA85DCED-2196-4EF2-B721-7E68F20B3846} = {E00BE2A6-79DB-45B6-83B3-AAE00DB62E1D}
		{23959DA5-5941-421F-A2FD-AF6BA2B76160} = {E00BE2A6-79DB-45B6-83B3-AAE00DB62E1D}
		{E6BCE631-3EE2-4A3A-A337-7B4FB247C00E} = {E00BE2A6-79DB-45B6-83B3-AAE00DB62E1D}
		{5F47EEDF-0A89-4154-A709-7582054FE419} = {E00BE2A6-79DB-45B6-83B3-AAE00DB62E1D}
		{C68F662C-5C2F-4D80-8F02-F4C9288FB100} = {E00BE2A6-79DB-45B6-83B3-AAE00DB62E1D}
		{B5EB59BB-1F0E-4047-B46C-087283F3568B} = {E00BE2A6-79DB-45B6-83B3-AAE00DB62E1D}
		{C98C35B0-3396-4A3B-BD54-21C9D87522E0} = {E00BE2A6-79DB-45B6-83B3-AAE00DB62E1D}
		{6BCF8132-DDBD-405E-8943-0C2EE0FAD5F5} = {E00BE2A6-79DB-45B6-83B3-AAE00DB62E1D}
		{A132598F-24EF-4C9A-B6CF-D281014564F3} = {E00BE2A6-79DB-45B6-83B3-AAE00DB62E1D}
		{F6027B86-64EB-4179-B7F5-91DACB872D4E} = {E00BE2A6-79DB-45B6-83B3-AAE00DB62E1D}
		{DB2C6F1C-ADDD-4607-B1A6-AE0385F6C151} = {E00BE2A6-79DB-45B6-83B3-AAE00DB62E1D}
		{D7FA8C69-8D54-4B71-AABC-C6BE8C9680A8} = {E00BE2A6-79DB-45B6-83B3-AAE00DB62E1D}
		{04A8FD0E-6E7B-4392-A4C6-02024C46B698} = {E00BE2A6-79DB-45B6-83B3-AAE00DB62E1D}
		{226BEBE4-EDE6-497C-A5FE-ABF2DE3BAE88} = {E00BE2A6-79DB-45B6-83B3-AAE00DB62E1D}
		{F6F0CFF2-7098-4002-B25E-AB799CE87DBF} = {E00BE2A6-79DB-45B6-83B3-AAE00DB62E1D}
		{08BB8C3A-85B4-4154-857E-A25B8FA4A956} = {E00BE2A6-79DB-45B6-83B3-AAE00DB62E1D}
		{D6AC1573-8259-45EF-9D28-B7380A3CB05E} = {E00BE2A6-79DB-45B6-83B3-AAE00DB62E1D}
		{12FB4250-542F-451F-847D-AACDDB87B38E} = {E00BE2A6-79DB-45B6-83B3-AAE00DB62E1D}
		{3FD43B25-6DFA-4DE1-938A-D6799033A28B} = {E00BE2A6-79DB-45B6-83B3-AAE00DB62E1D}
		{EF50B537-5E1A-4649-8B16-EE22065D4CF7} = {E00BE2A6-79DB-45B6-83B3-AAE00DB62E1D}
		{B2A49E8C-371D-462A-8BC4-ED1CCBA359D0} = {E00BE2A6-79DB-45B6-83B3-AAE00DB62E1D}
		{2E69A94C-C3C0-4895-9388-EBEBF46E40F2} = {E00BE2A6-79DB-45B6-83B3-AAE00DB62E1D}
		{CD48B7D4-AA90-4381-861E-78F759EC1604} = {E00BE2A6-79DB-45B6-83B3-AAE00DB62E1D}
		{3B8CA599-7372-41B7-8FC8-EB4F0C2B8C70} = {E00BE2A6-79DB-45B6-83B3-AAE00DB62E1D}
		{A36DD2D2-EC7B-4FC6-93FE-642A91F9040E} = {E00BE2A6-79DB-45B6-83B3-AAE00DB62E1D}
		{A359A65B-075B-455D-B199-08202BDEE8E3} = {E00BE2A6-79DB-45B6-83B3-AAE00DB62E1D}
		{66C072C1-019F-4313-8B51-864A0F8C6812} = {E00BE2A6-79DB-45B6-83B3-AAE00DB62E1D}
		{C4602B2F-86C1-4D57-BBD5-F2D56A674EC5} = {E00BE2A6-79DB-45B6-83B3-AAE00DB62E1D}
		{E8B6DD9C-599D-4403-9845-503F10A97F34} = {E00BE2A6-79DB-45B6-83B3-AAE00DB62E1D}
		{E23C2E27-887C-4C52-8410-189CAB8AB182} = {E00BE2A6-79DB-45B6-83B3-AAE00DB62E1D}
		{C9AC0BD8-9B45-4BA2-8317-EA402E363D5E} = {E00BE2A6-79DB-45B6-83B3-AAE00DB62E1D}
		{0478CADA-C922-456B-B668-6CEDF9C71AE4} = {E00BE2A6-79DB-45B6-83B3-AAE00DB62E1D}
		{175DE636-2091-4445-B013-D4E7C6BE784F} = {E00BE2A6-79DB-45B6-83B3-AAE00DB62E1D}
		{E7542986-44E9-4421-9816-FB3C7C80BFA4} = {E00BE2A6-79DB-45B6-83B3-AAE00DB62E1D}
		{AA6B7C0E-5CA6-44D5-8947-6C796144E976} = {E00BE2A6-79DB-45B6-83B3-AAE00DB62E1D}
		{88664F2F-F651-4B1A-ABFA-3DA91E7E4640} = {E00BE2A6-79DB-45B6-83B3-AAE00DB62E1D}
		{66DA96B7-D24D-4CAC-9D94-EA0254554FE2} = {E00BE2A6-79DB-45B6-83B3-AAE00DB62E1D}
		{02A8AADD-80E9-4524-8C9A-C5C6709B3D71} = {E00BE2A6-79DB-45B6-83B3-AAE00DB62E1D}
		{722FA9F6-E4CF-4CE4-8661-DF56D66CEF66} = {E00BE2A6-79DB-45B6-83B3-AAE00DB62E1D}
		{6C6DBEE8-8902-4412-A753-3E549A4B702E} = {E00BE2A6-79DB-45B6-83B3-AAE00DB62E1D}
		{09668ED6-AA0D-43D3-94EA-7FDBF55B04F8} = {E00BE2A6-79DB-45B6-83B3-AAE00DB62E1D}
		{990D9EF9-E2AD-4E73-B25E-CC81681A0CAE} = {E00BE2A6-79DB-45B6-83B3-AAE00DB62E1D}
		{C04C02A0-0043-473B-9953-1D9A30C9ED38} = {E00BE2A6-79DB-45B6-83B3-AAE00DB62E1D}
		{4070E724-7470-423C-BC2E-9DA1353B5112} = {E00BE2A6-79DB-45B6-83B3-AAE00DB62E1D}
		{11068824-BCA1-495F-B2BA-8F77C12C3766} = {E00BE2A6-79DB-45B6-83B3-AAE00DB62E1D}
		{18BDA4FA-B4B8-46E1-BF86-2EEE754BEF51} = {E00BE2A6-79DB-45B6-83B3-AAE00DB62E1D}
		{7CE28688-ED80-4325-AD1D-AC7E5AA9FEF6} = {E00BE2A6-79DB-45B6-83B3-AAE00DB62E1D}
		{C5F4FF13-0246-4C88-9AEB-7243CEBE20B4} = {E00BE2A6-79DB-45B6-83B3-AAE00DB62E1D}
		{B3FC06C5-EF32-4BBC-8675-9EC80F6A302C} = {E00BE2A6-79DB-45B6-83B3-AAE00DB62E1D}
		{A1095863-E711-4F7F-B12D-4C4C16F1032E} = {E00BE2A6-79DB-45B6-83B3-AAE00DB62E1D}
		{FAEFDFEC-79C2-4524-ABC8-9E75E0B6E437} = {E00BE2A6-79DB-45B6-83B3-AAE00DB62E1D}
		{8F8C6BC5-E453-44EA-9719-0834426EC41D} = {E00BE2A6-79DB-45B6-83B3-AAE00DB62E1D}
		{B5A5B840-1AC9-49F4-A142-5B7D83D74896} = {E00BE2A6-79DB-45B6-83B3-AAE00DB62E1D}
		{0561D1F6-DAD3-46EB-A52A-D9741B348CFD} = {E00BE2A6-79DB-45B6-83B3-AAE00DB62E1D}
		{48412C82-528E-4636-BC63-703FAD06B095} = {E00BE2A6-79DB-45B6-83B3-AAE00DB62E1D}
		{2D442E5E-4D1B-45BD-9D1D-45128FD54B3C} = {E00BE2A6-79DB-45B6-83B3-AAE00DB62E1D}
		{04C18267-AF23-49CE-B256-669B05E6A89B} = {E00BE2A6-79DB-45B6-83B3-AAE00DB62E1D}
		{2DE1688B-8DE2-449C-B499-ACAB1881645E} = {E00BE2A6-79DB-45B6-83B3-AAE00DB62E1D}
		{546845FB-5670-4E76-972B-E9C107FAD7CB} = {E00BE2A6-79DB-45B6-83B3-AAE00DB62E1D}
		{D52049C2-1212-4C9D-9EB1-22245DAFDB0F} = {E00BE2A6-79DB-45B6-83B3-AAE00DB62E1D}
		{119B86C4-3B44-44C9-875E-2386A4318424} = {E00BE2A6-79DB-45B6-83B3-AAE00DB62E1D}
		{A060503C-8846-42A8-A5B7-8A3C1914ED83} = {E00BE2A6-79DB-45B6-83B3-AAE00DB62E1D}
		{902DA9E3-F1A6-41D2-82A6-63483038433F} = {E00BE2A6-79DB-45B6-83B3-AAE00DB62E1D}
		{978F8B86-F159-4605-981A-18791D1D17C6} = {E00BE2A6-79DB-45B6-83B3-AAE00DB62E1D}
		{FB23E629-BC7D-44AD-8C47-88E72D76ECE4} = {E00BE2A6-79DB-45B6-83B3-AAE00DB62E1D}
		{628AC40B-B79D-43C1-AAE3-6DF1A19C8248} = {E00BE2A6-79DB-45B6-83B3-AAE00DB62E1D}
		{F79A059D-45BA-478B-A688-C9BEB18404A0} = {E00BE2A6-79DB-45B6-83B3-AAE00DB62E1D}
		{E34958F5-34CA-4E24-942B-682359B5CE1A} = {E00BE2A6-79DB-45B6-83B3-AAE00DB62E1D}
		{C4FA7D52-DB1A-467C-ACEE-3356A2FE9698} = {E00BE2A6-79DB-45B6-83B3-AAE00DB62E1D}
		{41C62B16-DC61-4772-8F51-C6F85D853291} = {E00BE2A6-79DB-45B6-83B3-AAE00DB62E1D}
		{64908CD3-6981-44B8-A7F4-F2C2B40B006C} = {E00BE2A6-79DB-45B6-83B3-AAE00DB62E1D}
		{99443BF0-0274-46C1-844E-7BD2108A703B} = {E00BE2A6-79DB-45B6-83B3-AAE00DB62E1D}
		{A79E24EA-732D-4715-8249-BFA9C9F2D005} = {E00BE2A6-79DB-45B6-83B3-AAE00DB62E1D}
		{42EE808D-B115-4FEC-BD2F-FA2708103088} = {E00BE2A6-79DB-45B6-83B3-AAE00DB62E1D}
		{578A48AC-E6CC-4C81-B5C6-28113389ED0C} = {E00BE2A6-79DB-45B6-83B3-AAE00DB62E1D}
		{FA392193-221D-48D5-95A8-D2AC42700EC8} = {E00BE2A6-79DB-45B6-83B3-AAE00DB62E1D}
		{A0B22A06-EC94-4FF9-AEE7-019F5484B862} = {E00BE2A6-79DB-45B6-83B3-AAE00DB62E1D}
		{A0FF0442-A71F-4424-A115-9DB90E1F1EBD} = {E00BE2A6-79DB-45B6-83B3-AAE00DB62E1D}
		{5C8A7EE3-AF19-4C1C-8AAE-BD8A3D64BF8F} = {E00BE2A6-79DB-45B6-83B3-AAE00DB62E1D}
		{5F0A5B30-77C8-47BC-A24F-B1170034005B} = {E00BE2A6-79DB-45B6-83B3-AAE00DB62E1D}
		{8010599D-CC08-4DE7-9CA8-90D9EA966B0A} = {E00BE2A6-79DB-45B6-83B3-AAE00DB62E1D}
		{6C27B8B6-5878-4757-BC90-10F90E86A35A} = {E00BE2A6-79DB-45B6-83B3-AAE00DB62E1D}
		{2203D3E9-5F32-4D99-833A-2C8C790EF0C1} = {E00BE2A6-79DB-45B6-83B3-AAE00DB62E1D}
		{3A9D5C15-9A0F-45B0-BA4F-EFB65D5DF037} = {E00BE2A6-79DB-45B6-83B3-AAE00DB62E1D}
		{F2F861C4-F29C-4C08-86BC-6249D50374AF} = {E00BE2A6-79DB-45B6-83B3-AAE00DB62E1D}
		{09BAB841-D8B5-43A3-93E2-68F889AF90B9} = {E00BE2A6-79DB-45B6-83B3-AAE00DB62E1D}
		{B2468E49-3ED5-4E84-9D19-2FC2C80D8EEF} = {E00BE2A6-79DB-45B6-83B3-AAE00DB62E1D}
		{1B24E121-8D0E-4249-9227-7D286B1BDDB4} = {E00BE2A6-79DB-45B6-83B3-AAE00DB62E1D}
	EndGlobalSection
	GlobalSection(SolutionConfigurationPlatforms) = preSolution
		Debug|Any CPU = Debug|Any CPU
		Release|Any CPU = Release|Any CPU
	EndGlobalSection
	GlobalSection(ProjectConfigurationPlatforms) = postSolution
		{FE072D18-1998-44A5-A48C-5D9FF880565E}.Debug|Any CPU.ActiveCfg = Debug|Any CPU
		{FE072D18-1998-44A5-A48C-5D9FF880565E}.Debug|Any CPU.Build.0 = Debug|Any CPU
		{FE072D18-1998-44A5-A48C-5D9FF880565E}.Release|Any CPU.ActiveCfg = Release|Any CPU
		{FE072D18-1998-44A5-A48C-5D9FF880565E}.Release|Any CPU.Build.0 = Release|Any CPU
		{787DC9F8-52AA-4B78-AD5E-350929A80144}.Debug|Any CPU.ActiveCfg = Debug|Any CPU
		{787DC9F8-52AA-4B78-AD5E-350929A80144}.Debug|Any CPU.Build.0 = Debug|Any CPU
		{787DC9F8-52AA-4B78-AD5E-350929A80144}.Release|Any CPU.ActiveCfg = Release|Any CPU
		{787DC9F8-52AA-4B78-AD5E-350929A80144}.Release|Any CPU.Build.0 = Release|Any CPU
		{0E1F9C48-0B72-4803-B880-8CCECDFB48F3}.Debug|Any CPU.ActiveCfg = Debug|Any CPU
		{0E1F9C48-0B72-4803-B880-8CCECDFB48F3}.Debug|Any CPU.Build.0 = Debug|Any CPU
		{0E1F9C48-0B72-4803-B880-8CCECDFB48F3}.Release|Any CPU.ActiveCfg = Release|Any CPU
		{0E1F9C48-0B72-4803-B880-8CCECDFB48F3}.Release|Any CPU.Build.0 = Release|Any CPU
		{6F21C996-CC7C-4D01-B6CD-0C0D682A3B89}.Debug|Any CPU.ActiveCfg = Debug|Any CPU
		{6F21C996-CC7C-4D01-B6CD-0C0D682A3B89}.Debug|Any CPU.Build.0 = Debug|Any CPU
		{6F21C996-CC7C-4D01-B6CD-0C0D682A3B89}.Release|Any CPU.ActiveCfg = Release|Any CPU
		{6F21C996-CC7C-4D01-B6CD-0C0D682A3B89}.Release|Any CPU.Build.0 = Release|Any CPU
		{A3553023-C57B-4059-BEB0-655B28B5EB1E}.Debug|Any CPU.ActiveCfg = Debug|Any CPU
		{A3553023-C57B-4059-BEB0-655B28B5EB1E}.Debug|Any CPU.Build.0 = Debug|Any CPU
		{A3553023-C57B-4059-BEB0-655B28B5EB1E}.Release|Any CPU.ActiveCfg = Release|Any CPU
		{A3553023-C57B-4059-BEB0-655B28B5EB1E}.Release|Any CPU.Build.0 = Release|Any CPU
		{6D64113C-8825-4D4C-95CA-F1315D0CBDFE}.Debug|Any CPU.ActiveCfg = Debug|Any CPU
		{6D64113C-8825-4D4C-95CA-F1315D0CBDFE}.Debug|Any CPU.Build.0 = Debug|Any CPU
		{6D64113C-8825-4D4C-95CA-F1315D0CBDFE}.Release|Any CPU.ActiveCfg = Release|Any CPU
		{6D64113C-8825-4D4C-95CA-F1315D0CBDFE}.Release|Any CPU.Build.0 = Release|Any CPU
		{B5CBD5A1-22E6-4202-ACC6-E40E38DCD453}.Debug|Any CPU.ActiveCfg = Debug|Any CPU
		{B5CBD5A1-22E6-4202-ACC6-E40E38DCD453}.Debug|Any CPU.Build.0 = Debug|Any CPU
		{B5CBD5A1-22E6-4202-ACC6-E40E38DCD453}.Release|Any CPU.ActiveCfg = Release|Any CPU
		{B5CBD5A1-22E6-4202-ACC6-E40E38DCD453}.Release|Any CPU.Build.0 = Release|Any CPU
		{56C970D0-4315-4105-84AA-585C6E87C6B9}.Debug|Any CPU.ActiveCfg = Debug|Any CPU
		{56C970D0-4315-4105-84AA-585C6E87C6B9}.Debug|Any CPU.Build.0 = Debug|Any CPU
		{56C970D0-4315-4105-84AA-585C6E87C6B9}.Release|Any CPU.ActiveCfg = Release|Any CPU
		{56C970D0-4315-4105-84AA-585C6E87C6B9}.Release|Any CPU.Build.0 = Release|Any CPU
		{9645296F-C993-4147-80F7-C1226613FE29}.Debug|Any CPU.ActiveCfg = Debug|Any CPU
		{9645296F-C993-4147-80F7-C1226613FE29}.Debug|Any CPU.Build.0 = Debug|Any CPU
		{9645296F-C993-4147-80F7-C1226613FE29}.Release|Any CPU.ActiveCfg = Release|Any CPU
		{9645296F-C993-4147-80F7-C1226613FE29}.Release|Any CPU.Build.0 = Release|Any CPU
		{075E4D17-79F2-4029-A6E4-2FBFF98678C9}.Debug|Any CPU.ActiveCfg = Debug|Any CPU
		{075E4D17-79F2-4029-A6E4-2FBFF98678C9}.Debug|Any CPU.Build.0 = Debug|Any CPU
		{075E4D17-79F2-4029-A6E4-2FBFF98678C9}.Release|Any CPU.ActiveCfg = Release|Any CPU
		{075E4D17-79F2-4029-A6E4-2FBFF98678C9}.Release|Any CPU.Build.0 = Release|Any CPU
		{FC0F1F92-A223-4B72-A80B-A265F6002374}.Debug|Any CPU.ActiveCfg = Debug|Any CPU
		{FC0F1F92-A223-4B72-A80B-A265F6002374}.Debug|Any CPU.Build.0 = Debug|Any CPU
		{FC0F1F92-A223-4B72-A80B-A265F6002374}.Release|Any CPU.ActiveCfg = Release|Any CPU
		{FC0F1F92-A223-4B72-A80B-A265F6002374}.Release|Any CPU.Build.0 = Release|Any CPU
		{81E42B38-0582-468D-B1E6-B9A97C740D55}.Debug|Any CPU.ActiveCfg = Debug|Any CPU
		{81E42B38-0582-468D-B1E6-B9A97C740D55}.Debug|Any CPU.Build.0 = Debug|Any CPU
		{81E42B38-0582-468D-B1E6-B9A97C740D55}.Release|Any CPU.ActiveCfg = Release|Any CPU
		{81E42B38-0582-468D-B1E6-B9A97C740D55}.Release|Any CPU.Build.0 = Release|Any CPU
		{9D018176-A1D8-4050-8F48-427054C08068}.Debug|Any CPU.ActiveCfg = Debug|Any CPU
		{9D018176-A1D8-4050-8F48-427054C08068}.Debug|Any CPU.Build.0 = Debug|Any CPU
		{9D018176-A1D8-4050-8F48-427054C08068}.Release|Any CPU.ActiveCfg = Release|Any CPU
		{9D018176-A1D8-4050-8F48-427054C08068}.Release|Any CPU.Build.0 = Release|Any CPU
		{E1D04272-4C9E-4457-91A3-5EF885D055D4}.Debug|Any CPU.ActiveCfg = Debug|Any CPU
		{E1D04272-4C9E-4457-91A3-5EF885D055D4}.Debug|Any CPU.Build.0 = Debug|Any CPU
		{E1D04272-4C9E-4457-91A3-5EF885D055D4}.Release|Any CPU.ActiveCfg = Release|Any CPU
		{E1D04272-4C9E-4457-91A3-5EF885D055D4}.Release|Any CPU.Build.0 = Release|Any CPU
		{E65DB539-8288-419B-85C5-6CDFD5244B30}.Debug|Any CPU.ActiveCfg = Debug|Any CPU
		{E65DB539-8288-419B-85C5-6CDFD5244B30}.Debug|Any CPU.Build.0 = Debug|Any CPU
		{E65DB539-8288-419B-85C5-6CDFD5244B30}.Release|Any CPU.ActiveCfg = Release|Any CPU
		{E65DB539-8288-419B-85C5-6CDFD5244B30}.Release|Any CPU.Build.0 = Release|Any CPU
		{E4EE7592-A0E0-4433-9353-A92C6C20BE05}.Debug|Any CPU.ActiveCfg = Debug|Any CPU
		{E4EE7592-A0E0-4433-9353-A92C6C20BE05}.Debug|Any CPU.Build.0 = Debug|Any CPU
		{E4EE7592-A0E0-4433-9353-A92C6C20BE05}.Release|Any CPU.ActiveCfg = Release|Any CPU
		{E4EE7592-A0E0-4433-9353-A92C6C20BE05}.Release|Any CPU.Build.0 = Release|Any CPU
		{C3746832-826C-4C28-9CC6-AEB7E0FCD28D}.Debug|Any CPU.ActiveCfg = Debug|Any CPU
		{C3746832-826C-4C28-9CC6-AEB7E0FCD28D}.Debug|Any CPU.Build.0 = Debug|Any CPU
		{C3746832-826C-4C28-9CC6-AEB7E0FCD28D}.Release|Any CPU.ActiveCfg = Release|Any CPU
		{C3746832-826C-4C28-9CC6-AEB7E0FCD28D}.Release|Any CPU.Build.0 = Release|Any CPU
		{66179346-EDCE-4206-928F-2B5B7B78414A}.Debug|Any CPU.ActiveCfg = Debug|Any CPU
		{66179346-EDCE-4206-928F-2B5B7B78414A}.Debug|Any CPU.Build.0 = Debug|Any CPU
		{66179346-EDCE-4206-928F-2B5B7B78414A}.Release|Any CPU.ActiveCfg = Release|Any CPU
		{66179346-EDCE-4206-928F-2B5B7B78414A}.Release|Any CPU.Build.0 = Release|Any CPU
		{CAAD024D-50A6-4E5F-8340-7C4C3CCB7B5E}.Debug|Any CPU.ActiveCfg = Debug|Any CPU
		{CAAD024D-50A6-4E5F-8340-7C4C3CCB7B5E}.Debug|Any CPU.Build.0 = Debug|Any CPU
		{CAAD024D-50A6-4E5F-8340-7C4C3CCB7B5E}.Release|Any CPU.ActiveCfg = Release|Any CPU
		{CAAD024D-50A6-4E5F-8340-7C4C3CCB7B5E}.Release|Any CPU.Build.0 = Release|Any CPU
		{A7B13191-4F55-49B2-9807-A916E98FC9F1}.Debug|Any CPU.ActiveCfg = Debug|Any CPU
		{A7B13191-4F55-49B2-9807-A916E98FC9F1}.Debug|Any CPU.Build.0 = Debug|Any CPU
		{A7B13191-4F55-49B2-9807-A916E98FC9F1}.Release|Any CPU.ActiveCfg = Release|Any CPU
		{A7B13191-4F55-49B2-9807-A916E98FC9F1}.Release|Any CPU.Build.0 = Release|Any CPU
		{9070A83A-F2DE-4103-A6F5-DC3C48EA760C}.Debug|Any CPU.ActiveCfg = Debug|Any CPU
		{9070A83A-F2DE-4103-A6F5-DC3C48EA760C}.Debug|Any CPU.Build.0 = Debug|Any CPU
		{9070A83A-F2DE-4103-A6F5-DC3C48EA760C}.Release|Any CPU.ActiveCfg = Release|Any CPU
		{9070A83A-F2DE-4103-A6F5-DC3C48EA760C}.Release|Any CPU.Build.0 = Release|Any CPU
		{EB59C110-5E7B-48DB-B76A-425A9BF61B1C}.Debug|Any CPU.ActiveCfg = Debug|Any CPU
		{EB59C110-5E7B-48DB-B76A-425A9BF61B1C}.Debug|Any CPU.Build.0 = Debug|Any CPU
		{EB59C110-5E7B-48DB-B76A-425A9BF61B1C}.Release|Any CPU.ActiveCfg = Release|Any CPU
		{EB59C110-5E7B-48DB-B76A-425A9BF61B1C}.Release|Any CPU.Build.0 = Release|Any CPU
		{EBB8FD55-AA49-42BA-9CDB-BE06E55714C0}.Debug|Any CPU.ActiveCfg = Debug|Any CPU
		{EBB8FD55-AA49-42BA-9CDB-BE06E55714C0}.Debug|Any CPU.Build.0 = Debug|Any CPU
		{EBB8FD55-AA49-42BA-9CDB-BE06E55714C0}.Release|Any CPU.ActiveCfg = Release|Any CPU
		{EBB8FD55-AA49-42BA-9CDB-BE06E55714C0}.Release|Any CPU.Build.0 = Release|Any CPU
		{3B010E92-A24C-446E-AD70-D45A3483462C}.Debug|Any CPU.ActiveCfg = Debug|Any CPU
		{3B010E92-A24C-446E-AD70-D45A3483462C}.Debug|Any CPU.Build.0 = Debug|Any CPU
		{3B010E92-A24C-446E-AD70-D45A3483462C}.Release|Any CPU.ActiveCfg = Release|Any CPU
		{3B010E92-A24C-446E-AD70-D45A3483462C}.Release|Any CPU.Build.0 = Release|Any CPU
		{289034CD-DF9C-49C0-A741-3260409D7D88}.Debug|Any CPU.ActiveCfg = Debug|Any CPU
		{289034CD-DF9C-49C0-A741-3260409D7D88}.Debug|Any CPU.Build.0 = Debug|Any CPU
		{289034CD-DF9C-49C0-A741-3260409D7D88}.Release|Any CPU.ActiveCfg = Release|Any CPU
		{289034CD-DF9C-49C0-A741-3260409D7D88}.Release|Any CPU.Build.0 = Release|Any CPU
		{430BDCB4-C261-4ACC-87D1-D7545B15E83B}.Debug|Any CPU.ActiveCfg = Debug|Any CPU
		{430BDCB4-C261-4ACC-87D1-D7545B15E83B}.Debug|Any CPU.Build.0 = Debug|Any CPU
		{430BDCB4-C261-4ACC-87D1-D7545B15E83B}.Release|Any CPU.ActiveCfg = Release|Any CPU
		{430BDCB4-C261-4ACC-87D1-D7545B15E83B}.Release|Any CPU.Build.0 = Release|Any CPU
		{91FBB321-B11B-4603-8E62-242A8B2E7D6B}.Debug|Any CPU.ActiveCfg = Debug|Any CPU
		{91FBB321-B11B-4603-8E62-242A8B2E7D6B}.Debug|Any CPU.Build.0 = Debug|Any CPU
		{91FBB321-B11B-4603-8E62-242A8B2E7D6B}.Release|Any CPU.ActiveCfg = Release|Any CPU
		{91FBB321-B11B-4603-8E62-242A8B2E7D6B}.Release|Any CPU.Build.0 = Release|Any CPU
		{03F54973-D806-40BE-8A70-C9ADE53B6664}.Debug|Any CPU.ActiveCfg = Debug|Any CPU
		{03F54973-D806-40BE-8A70-C9ADE53B6664}.Debug|Any CPU.Build.0 = Debug|Any CPU
		{03F54973-D806-40BE-8A70-C9ADE53B6664}.Release|Any CPU.ActiveCfg = Release|Any CPU
		{03F54973-D806-40BE-8A70-C9ADE53B6664}.Release|Any CPU.Build.0 = Release|Any CPU
		{88BE3A2F-2B35-4378-A2C3-54798E60FEF6}.Debug|Any CPU.ActiveCfg = Debug|Any CPU
		{88BE3A2F-2B35-4378-A2C3-54798E60FEF6}.Debug|Any CPU.Build.0 = Debug|Any CPU
		{88BE3A2F-2B35-4378-A2C3-54798E60FEF6}.Release|Any CPU.ActiveCfg = Release|Any CPU
		{88BE3A2F-2B35-4378-A2C3-54798E60FEF6}.Release|Any CPU.Build.0 = Release|Any CPU
		{97479A2E-4E96-40B1-A446-FDBD146C13FC}.Debug|Any CPU.ActiveCfg = Debug|Any CPU
		{97479A2E-4E96-40B1-A446-FDBD146C13FC}.Debug|Any CPU.Build.0 = Debug|Any CPU
		{97479A2E-4E96-40B1-A446-FDBD146C13FC}.Release|Any CPU.ActiveCfg = Release|Any CPU
		{97479A2E-4E96-40B1-A446-FDBD146C13FC}.Release|Any CPU.Build.0 = Release|Any CPU
		{B3F112CF-0C52-4A55-8DF9-48AB86DA3B58}.Debug|Any CPU.ActiveCfg = Debug|Any CPU
		{B3F112CF-0C52-4A55-8DF9-48AB86DA3B58}.Debug|Any CPU.Build.0 = Debug|Any CPU
		{B3F112CF-0C52-4A55-8DF9-48AB86DA3B58}.Release|Any CPU.ActiveCfg = Release|Any CPU
		{B3F112CF-0C52-4A55-8DF9-48AB86DA3B58}.Release|Any CPU.Build.0 = Release|Any CPU
		{D6B8BDE0-E699-41FD-AAE6-E67640547132}.Debug|Any CPU.ActiveCfg = Debug|Any CPU
		{D6B8BDE0-E699-41FD-AAE6-E67640547132}.Debug|Any CPU.Build.0 = Debug|Any CPU
		{D6B8BDE0-E699-41FD-AAE6-E67640547132}.Release|Any CPU.ActiveCfg = Release|Any CPU
		{D6B8BDE0-E699-41FD-AAE6-E67640547132}.Release|Any CPU.Build.0 = Release|Any CPU
		{B052A65A-E5CA-4051-9A14-D9A3BE1E7007}.Debug|Any CPU.ActiveCfg = Debug|Any CPU
		{B052A65A-E5CA-4051-9A14-D9A3BE1E7007}.Debug|Any CPU.Build.0 = Debug|Any CPU
		{B052A65A-E5CA-4051-9A14-D9A3BE1E7007}.Release|Any CPU.ActiveCfg = Release|Any CPU
		{B052A65A-E5CA-4051-9A14-D9A3BE1E7007}.Release|Any CPU.Build.0 = Release|Any CPU
		{DEE38A52-DE91-4D3B-B7E1-1CD8AAB17D9A}.Debug|Any CPU.ActiveCfg = Debug|Any CPU
		{DEE38A52-DE91-4D3B-B7E1-1CD8AAB17D9A}.Debug|Any CPU.Build.0 = Debug|Any CPU
		{DEE38A52-DE91-4D3B-B7E1-1CD8AAB17D9A}.Release|Any CPU.ActiveCfg = Release|Any CPU
		{DEE38A52-DE91-4D3B-B7E1-1CD8AAB17D9A}.Release|Any CPU.Build.0 = Release|Any CPU
		{08119E66-3988-4378-9412-688078C82B52}.Debug|Any CPU.ActiveCfg = Debug|Any CPU
		{08119E66-3988-4378-9412-688078C82B52}.Debug|Any CPU.Build.0 = Debug|Any CPU
		{08119E66-3988-4378-9412-688078C82B52}.Release|Any CPU.ActiveCfg = Release|Any CPU
		{08119E66-3988-4378-9412-688078C82B52}.Release|Any CPU.Build.0 = Release|Any CPU
		{32D2C1CC-A05E-4D02-9862-4BD4483972AD}.Debug|Any CPU.ActiveCfg = Debug|Any CPU
		{32D2C1CC-A05E-4D02-9862-4BD4483972AD}.Debug|Any CPU.Build.0 = Debug|Any CPU
		{32D2C1CC-A05E-4D02-9862-4BD4483972AD}.Release|Any CPU.ActiveCfg = Release|Any CPU
		{32D2C1CC-A05E-4D02-9862-4BD4483972AD}.Release|Any CPU.Build.0 = Release|Any CPU
		{04F08E8A-F782-4EDB-9478-08B1B8A7C3CE}.Debug|Any CPU.ActiveCfg = Debug|Any CPU
		{04F08E8A-F782-4EDB-9478-08B1B8A7C3CE}.Debug|Any CPU.Build.0 = Debug|Any CPU
		{04F08E8A-F782-4EDB-9478-08B1B8A7C3CE}.Release|Any CPU.ActiveCfg = Release|Any CPU
		{04F08E8A-F782-4EDB-9478-08B1B8A7C3CE}.Release|Any CPU.Build.0 = Release|Any CPU
		{156B15C4-F921-4D9E-861F-8D6235061F76}.Debug|Any CPU.ActiveCfg = Debug|Any CPU
		{156B15C4-F921-4D9E-861F-8D6235061F76}.Debug|Any CPU.Build.0 = Debug|Any CPU
		{156B15C4-F921-4D9E-861F-8D6235061F76}.Release|Any CPU.ActiveCfg = Release|Any CPU
		{156B15C4-F921-4D9E-861F-8D6235061F76}.Release|Any CPU.Build.0 = Release|Any CPU
		{E057185B-674D-4450-95A0-0AEB1CF89BB8}.Debug|Any CPU.ActiveCfg = Debug|Any CPU
		{E057185B-674D-4450-95A0-0AEB1CF89BB8}.Debug|Any CPU.Build.0 = Debug|Any CPU
		{E057185B-674D-4450-95A0-0AEB1CF89BB8}.Release|Any CPU.ActiveCfg = Release|Any CPU
		{E057185B-674D-4450-95A0-0AEB1CF89BB8}.Release|Any CPU.Build.0 = Release|Any CPU
		{E6C4632D-133B-4FD9-8582-C1B0E1E3763B}.Debug|Any CPU.ActiveCfg = Debug|Any CPU
		{E6C4632D-133B-4FD9-8582-C1B0E1E3763B}.Debug|Any CPU.Build.0 = Debug|Any CPU
		{E6C4632D-133B-4FD9-8582-C1B0E1E3763B}.Release|Any CPU.ActiveCfg = Release|Any CPU
		{E6C4632D-133B-4FD9-8582-C1B0E1E3763B}.Release|Any CPU.Build.0 = Release|Any CPU
		{5229DF94-00AD-45E4-9C6D-C47DDE6CA6A1}.Debug|Any CPU.ActiveCfg = Debug|Any CPU
		{5229DF94-00AD-45E4-9C6D-C47DDE6CA6A1}.Debug|Any CPU.Build.0 = Debug|Any CPU
		{5229DF94-00AD-45E4-9C6D-C47DDE6CA6A1}.Release|Any CPU.ActiveCfg = Release|Any CPU
		{5229DF94-00AD-45E4-9C6D-C47DDE6CA6A1}.Release|Any CPU.Build.0 = Release|Any CPU
		{60270DF7-08AC-4E5E-B5DE-868908624E6B}.Debug|Any CPU.ActiveCfg = Debug|Any CPU
		{60270DF7-08AC-4E5E-B5DE-868908624E6B}.Debug|Any CPU.Build.0 = Debug|Any CPU
		{60270DF7-08AC-4E5E-B5DE-868908624E6B}.Release|Any CPU.ActiveCfg = Release|Any CPU
		{60270DF7-08AC-4E5E-B5DE-868908624E6B}.Release|Any CPU.Build.0 = Release|Any CPU
		{7E00F4E6-43FB-4E39-8CB3-C8AC00CC2462}.Debug|Any CPU.ActiveCfg = Debug|Any CPU
		{7E00F4E6-43FB-4E39-8CB3-C8AC00CC2462}.Debug|Any CPU.Build.0 = Debug|Any CPU
		{7E00F4E6-43FB-4E39-8CB3-C8AC00CC2462}.Release|Any CPU.ActiveCfg = Release|Any CPU
		{7E00F4E6-43FB-4E39-8CB3-C8AC00CC2462}.Release|Any CPU.Build.0 = Release|Any CPU
		{FADBA9DD-0A9E-458E-876A-5F279B647B00}.Debug|Any CPU.ActiveCfg = Debug|Any CPU
		{FADBA9DD-0A9E-458E-876A-5F279B647B00}.Debug|Any CPU.Build.0 = Debug|Any CPU
		{FADBA9DD-0A9E-458E-876A-5F279B647B00}.Release|Any CPU.ActiveCfg = Release|Any CPU
		{FADBA9DD-0A9E-458E-876A-5F279B647B00}.Release|Any CPU.Build.0 = Release|Any CPU
		{BA558231-0FA9-4BC9-82D0-D731D7E55144}.Debug|Any CPU.ActiveCfg = Debug|Any CPU
		{BA558231-0FA9-4BC9-82D0-D731D7E55144}.Debug|Any CPU.Build.0 = Debug|Any CPU
		{BA558231-0FA9-4BC9-82D0-D731D7E55144}.Release|Any CPU.ActiveCfg = Release|Any CPU
		{BA558231-0FA9-4BC9-82D0-D731D7E55144}.Release|Any CPU.Build.0 = Release|Any CPU
		{F5AB1A4F-9362-4AFF-AF76-ED3CFBD576ED}.Debug|Any CPU.ActiveCfg = Debug|Any CPU
		{F5AB1A4F-9362-4AFF-AF76-ED3CFBD576ED}.Debug|Any CPU.Build.0 = Debug|Any CPU
		{F5AB1A4F-9362-4AFF-AF76-ED3CFBD576ED}.Release|Any CPU.ActiveCfg = Release|Any CPU
		{F5AB1A4F-9362-4AFF-AF76-ED3CFBD576ED}.Release|Any CPU.Build.0 = Release|Any CPU
		{EA645D26-BDC3-4BD1-A62C-158E8B2C0E7C}.Debug|Any CPU.ActiveCfg = Debug|Any CPU
		{EA645D26-BDC3-4BD1-A62C-158E8B2C0E7C}.Debug|Any CPU.Build.0 = Debug|Any CPU
		{EA645D26-BDC3-4BD1-A62C-158E8B2C0E7C}.Release|Any CPU.ActiveCfg = Release|Any CPU
		{EA645D26-BDC3-4BD1-A62C-158E8B2C0E7C}.Release|Any CPU.Build.0 = Release|Any CPU
		{E78B88C7-DCFB-4E4B-8D46-4D328E3AA86D}.Debug|Any CPU.ActiveCfg = Debug|Any CPU
		{E78B88C7-DCFB-4E4B-8D46-4D328E3AA86D}.Debug|Any CPU.Build.0 = Debug|Any CPU
		{E78B88C7-DCFB-4E4B-8D46-4D328E3AA86D}.Release|Any CPU.ActiveCfg = Release|Any CPU
		{E78B88C7-DCFB-4E4B-8D46-4D328E3AA86D}.Release|Any CPU.Build.0 = Release|Any CPU
		{54B141DB-7C9B-4525-A72B-35D0C13267A4}.Debug|Any CPU.ActiveCfg = Debug|Any CPU
		{54B141DB-7C9B-4525-A72B-35D0C13267A4}.Debug|Any CPU.Build.0 = Debug|Any CPU
		{54B141DB-7C9B-4525-A72B-35D0C13267A4}.Release|Any CPU.ActiveCfg = Release|Any CPU
		{54B141DB-7C9B-4525-A72B-35D0C13267A4}.Release|Any CPU.Build.0 = Release|Any CPU
		{C4419AEA-90A5-4BDD-9379-DA5881AB8B42}.Debug|Any CPU.ActiveCfg = Debug|Any CPU
		{C4419AEA-90A5-4BDD-9379-DA5881AB8B42}.Debug|Any CPU.Build.0 = Debug|Any CPU
		{C4419AEA-90A5-4BDD-9379-DA5881AB8B42}.Release|Any CPU.ActiveCfg = Release|Any CPU
		{C4419AEA-90A5-4BDD-9379-DA5881AB8B42}.Release|Any CPU.Build.0 = Release|Any CPU
		{AA13F216-196E-4E5D-A537-AB64432C5468}.Debug|Any CPU.ActiveCfg = Debug|Any CPU
		{AA13F216-196E-4E5D-A537-AB64432C5468}.Debug|Any CPU.Build.0 = Debug|Any CPU
		{AA13F216-196E-4E5D-A537-AB64432C5468}.Release|Any CPU.ActiveCfg = Release|Any CPU
		{AA13F216-196E-4E5D-A537-AB64432C5468}.Release|Any CPU.Build.0 = Release|Any CPU
		{BEE1DD1C-6A86-4381-9B53-E49FBF7A5113}.Debug|Any CPU.ActiveCfg = Debug|Any CPU
		{BEE1DD1C-6A86-4381-9B53-E49FBF7A5113}.Debug|Any CPU.Build.0 = Debug|Any CPU
		{BEE1DD1C-6A86-4381-9B53-E49FBF7A5113}.Release|Any CPU.ActiveCfg = Release|Any CPU
		{BEE1DD1C-6A86-4381-9B53-E49FBF7A5113}.Release|Any CPU.Build.0 = Release|Any CPU
		{D1DA244D-2170-44C6-9B39-F73CDCACC65C}.Debug|Any CPU.ActiveCfg = Debug|Any CPU
		{D1DA244D-2170-44C6-9B39-F73CDCACC65C}.Debug|Any CPU.Build.0 = Debug|Any CPU
		{D1DA244D-2170-44C6-9B39-F73CDCACC65C}.Release|Any CPU.ActiveCfg = Release|Any CPU
		{D1DA244D-2170-44C6-9B39-F73CDCACC65C}.Release|Any CPU.Build.0 = Release|Any CPU
		{A304A066-EF4B-4687-8FD6-56AFB36DE362}.Debug|Any CPU.ActiveCfg = Debug|Any CPU
		{A304A066-EF4B-4687-8FD6-56AFB36DE362}.Debug|Any CPU.Build.0 = Debug|Any CPU
		{A304A066-EF4B-4687-8FD6-56AFB36DE362}.Release|Any CPU.ActiveCfg = Release|Any CPU
		{A304A066-EF4B-4687-8FD6-56AFB36DE362}.Release|Any CPU.Build.0 = Release|Any CPU
		{88F5464B-02AE-4AF2-85FB-253E8EBEC675}.Debug|Any CPU.ActiveCfg = Debug|Any CPU
		{88F5464B-02AE-4AF2-85FB-253E8EBEC675}.Debug|Any CPU.Build.0 = Debug|Any CPU
		{88F5464B-02AE-4AF2-85FB-253E8EBEC675}.Release|Any CPU.ActiveCfg = Release|Any CPU
		{88F5464B-02AE-4AF2-85FB-253E8EBEC675}.Release|Any CPU.Build.0 = Release|Any CPU
		{ADE16824-FD61-4CE2-A9F4-C579B976465C}.Debug|Any CPU.ActiveCfg = Debug|Any CPU
		{ADE16824-FD61-4CE2-A9F4-C579B976465C}.Debug|Any CPU.Build.0 = Debug|Any CPU
		{ADE16824-FD61-4CE2-A9F4-C579B976465C}.Release|Any CPU.ActiveCfg = Release|Any CPU
		{ADE16824-FD61-4CE2-A9F4-C579B976465C}.Release|Any CPU.Build.0 = Release|Any CPU
		{A3D8D3B7-617F-4DB0-A087-A50BF9CA3AA7}.Debug|Any CPU.ActiveCfg = Debug|Any CPU
		{A3D8D3B7-617F-4DB0-A087-A50BF9CA3AA7}.Debug|Any CPU.Build.0 = Debug|Any CPU
		{A3D8D3B7-617F-4DB0-A087-A50BF9CA3AA7}.Release|Any CPU.ActiveCfg = Release|Any CPU
		{A3D8D3B7-617F-4DB0-A087-A50BF9CA3AA7}.Release|Any CPU.Build.0 = Release|Any CPU
		{96D172B5-5AD3-4018-8427-E837BB2F75F7}.Debug|Any CPU.ActiveCfg = Debug|Any CPU
		{96D172B5-5AD3-4018-8427-E837BB2F75F7}.Debug|Any CPU.Build.0 = Debug|Any CPU
		{96D172B5-5AD3-4018-8427-E837BB2F75F7}.Release|Any CPU.ActiveCfg = Release|Any CPU
		{96D172B5-5AD3-4018-8427-E837BB2F75F7}.Release|Any CPU.Build.0 = Release|Any CPU
		{1A7E440D-5F71-4F84-BED0-F16C36C02B4C}.Debug|Any CPU.ActiveCfg = Debug|Any CPU
		{1A7E440D-5F71-4F84-BED0-F16C36C02B4C}.Debug|Any CPU.Build.0 = Debug|Any CPU
		{1A7E440D-5F71-4F84-BED0-F16C36C02B4C}.Release|Any CPU.ActiveCfg = Release|Any CPU
		{1A7E440D-5F71-4F84-BED0-F16C36C02B4C}.Release|Any CPU.Build.0 = Release|Any CPU
		{F8547D32-3C8A-4218-BDAE-B8E8C71E0AD5}.Debug|Any CPU.ActiveCfg = Debug|Any CPU
		{F8547D32-3C8A-4218-BDAE-B8E8C71E0AD5}.Debug|Any CPU.Build.0 = Debug|Any CPU
		{F8547D32-3C8A-4218-BDAE-B8E8C71E0AD5}.Release|Any CPU.ActiveCfg = Release|Any CPU
		{F8547D32-3C8A-4218-BDAE-B8E8C71E0AD5}.Release|Any CPU.Build.0 = Release|Any CPU
		{4BF6FC60-1331-4707-BC21-2C9B6FB6691B}.Debug|Any CPU.ActiveCfg = Debug|Any CPU
		{4BF6FC60-1331-4707-BC21-2C9B6FB6691B}.Debug|Any CPU.Build.0 = Debug|Any CPU
		{4BF6FC60-1331-4707-BC21-2C9B6FB6691B}.Release|Any CPU.ActiveCfg = Release|Any CPU
		{4BF6FC60-1331-4707-BC21-2C9B6FB6691B}.Release|Any CPU.Build.0 = Release|Any CPU
		{1979A44D-277F-40A8-B783-C23A6D362F7F}.Debug|Any CPU.ActiveCfg = Debug|Any CPU
		{1979A44D-277F-40A8-B783-C23A6D362F7F}.Debug|Any CPU.Build.0 = Debug|Any CPU
		{1979A44D-277F-40A8-B783-C23A6D362F7F}.Release|Any CPU.ActiveCfg = Release|Any CPU
		{1979A44D-277F-40A8-B783-C23A6D362F7F}.Release|Any CPU.Build.0 = Release|Any CPU
		{BDE0B17D-60B8-4869-B95A-61C153AD7606}.Debug|Any CPU.ActiveCfg = Debug|Any CPU
		{BDE0B17D-60B8-4869-B95A-61C153AD7606}.Debug|Any CPU.Build.0 = Debug|Any CPU
		{BDE0B17D-60B8-4869-B95A-61C153AD7606}.Release|Any CPU.ActiveCfg = Release|Any CPU
		{BDE0B17D-60B8-4869-B95A-61C153AD7606}.Release|Any CPU.Build.0 = Release|Any CPU
		{BA85DCED-2196-4EF2-B721-7E68F20B3846}.Debug|Any CPU.ActiveCfg = Debug|Any CPU
		{BA85DCED-2196-4EF2-B721-7E68F20B3846}.Debug|Any CPU.Build.0 = Debug|Any CPU
		{BA85DCED-2196-4EF2-B721-7E68F20B3846}.Release|Any CPU.ActiveCfg = Release|Any CPU
		{BA85DCED-2196-4EF2-B721-7E68F20B3846}.Release|Any CPU.Build.0 = Release|Any CPU
		{23959DA5-5941-421F-A2FD-AF6BA2B76160}.Debug|Any CPU.ActiveCfg = Debug|Any CPU
		{23959DA5-5941-421F-A2FD-AF6BA2B76160}.Debug|Any CPU.Build.0 = Debug|Any CPU
		{23959DA5-5941-421F-A2FD-AF6BA2B76160}.Release|Any CPU.ActiveCfg = Release|Any CPU
		{23959DA5-5941-421F-A2FD-AF6BA2B76160}.Release|Any CPU.Build.0 = Release|Any CPU
		{E6BCE631-3EE2-4A3A-A337-7B4FB247C00E}.Debug|Any CPU.ActiveCfg = Debug|Any CPU
		{E6BCE631-3EE2-4A3A-A337-7B4FB247C00E}.Debug|Any CPU.Build.0 = Debug|Any CPU
		{E6BCE631-3EE2-4A3A-A337-7B4FB247C00E}.Release|Any CPU.ActiveCfg = Release|Any CPU
		{E6BCE631-3EE2-4A3A-A337-7B4FB247C00E}.Release|Any CPU.Build.0 = Release|Any CPU
		{5F47EEDF-0A89-4154-A709-7582054FE419}.Debug|Any CPU.ActiveCfg = Debug|Any CPU
		{5F47EEDF-0A89-4154-A709-7582054FE419}.Debug|Any CPU.Build.0 = Debug|Any CPU
		{5F47EEDF-0A89-4154-A709-7582054FE419}.Release|Any CPU.ActiveCfg = Release|Any CPU
		{5F47EEDF-0A89-4154-A709-7582054FE419}.Release|Any CPU.Build.0 = Release|Any CPU
		{C68F662C-5C2F-4D80-8F02-F4C9288FB100}.Debug|Any CPU.ActiveCfg = Debug|Any CPU
		{C68F662C-5C2F-4D80-8F02-F4C9288FB100}.Debug|Any CPU.Build.0 = Debug|Any CPU
		{C68F662C-5C2F-4D80-8F02-F4C9288FB100}.Release|Any CPU.ActiveCfg = Release|Any CPU
		{C68F662C-5C2F-4D80-8F02-F4C9288FB100}.Release|Any CPU.Build.0 = Release|Any CPU
		{B5EB59BB-1F0E-4047-B46C-087283F3568B}.Debug|Any CPU.ActiveCfg = Debug|Any CPU
		{B5EB59BB-1F0E-4047-B46C-087283F3568B}.Debug|Any CPU.Build.0 = Debug|Any CPU
		{B5EB59BB-1F0E-4047-B46C-087283F3568B}.Release|Any CPU.ActiveCfg = Release|Any CPU
		{B5EB59BB-1F0E-4047-B46C-087283F3568B}.Release|Any CPU.Build.0 = Release|Any CPU
		{C98C35B0-3396-4A3B-BD54-21C9D87522E0}.Debug|Any CPU.ActiveCfg = Debug|Any CPU
		{C98C35B0-3396-4A3B-BD54-21C9D87522E0}.Debug|Any CPU.Build.0 = Debug|Any CPU
		{C98C35B0-3396-4A3B-BD54-21C9D87522E0}.Release|Any CPU.ActiveCfg = Release|Any CPU
		{C98C35B0-3396-4A3B-BD54-21C9D87522E0}.Release|Any CPU.Build.0 = Release|Any CPU
		{6BCF8132-DDBD-405E-8943-0C2EE0FAD5F5}.Debug|Any CPU.ActiveCfg = Debug|Any CPU
		{6BCF8132-DDBD-405E-8943-0C2EE0FAD5F5}.Debug|Any CPU.Build.0 = Debug|Any CPU
		{6BCF8132-DDBD-405E-8943-0C2EE0FAD5F5}.Release|Any CPU.ActiveCfg = Release|Any CPU
		{6BCF8132-DDBD-405E-8943-0C2EE0FAD5F5}.Release|Any CPU.Build.0 = Release|Any CPU
		{A132598F-24EF-4C9A-B6CF-D281014564F3}.Debug|Any CPU.ActiveCfg = Debug|Any CPU
		{A132598F-24EF-4C9A-B6CF-D281014564F3}.Debug|Any CPU.Build.0 = Debug|Any CPU
		{A132598F-24EF-4C9A-B6CF-D281014564F3}.Release|Any CPU.ActiveCfg = Release|Any CPU
		{A132598F-24EF-4C9A-B6CF-D281014564F3}.Release|Any CPU.Build.0 = Release|Any CPU
		{F6027B86-64EB-4179-B7F5-91DACB872D4E}.Debug|Any CPU.ActiveCfg = Debug|Any CPU
		{F6027B86-64EB-4179-B7F5-91DACB872D4E}.Debug|Any CPU.Build.0 = Debug|Any CPU
		{F6027B86-64EB-4179-B7F5-91DACB872D4E}.Release|Any CPU.ActiveCfg = Release|Any CPU
		{F6027B86-64EB-4179-B7F5-91DACB872D4E}.Release|Any CPU.Build.0 = Release|Any CPU
		{DB2C6F1C-ADDD-4607-B1A6-AE0385F6C151}.Debug|Any CPU.ActiveCfg = Debug|Any CPU
		{DB2C6F1C-ADDD-4607-B1A6-AE0385F6C151}.Debug|Any CPU.Build.0 = Debug|Any CPU
		{DB2C6F1C-ADDD-4607-B1A6-AE0385F6C151}.Release|Any CPU.ActiveCfg = Release|Any CPU
		{DB2C6F1C-ADDD-4607-B1A6-AE0385F6C151}.Release|Any CPU.Build.0 = Release|Any CPU
		{D7FA8C69-8D54-4B71-AABC-C6BE8C9680A8}.Debug|Any CPU.ActiveCfg = Debug|Any CPU
		{D7FA8C69-8D54-4B71-AABC-C6BE8C9680A8}.Debug|Any CPU.Build.0 = Debug|Any CPU
		{D7FA8C69-8D54-4B71-AABC-C6BE8C9680A8}.Release|Any CPU.ActiveCfg = Release|Any CPU
		{D7FA8C69-8D54-4B71-AABC-C6BE8C9680A8}.Release|Any CPU.Build.0 = Release|Any CPU
		{04A8FD0E-6E7B-4392-A4C6-02024C46B698}.Debug|Any CPU.ActiveCfg = Debug|Any CPU
		{04A8FD0E-6E7B-4392-A4C6-02024C46B698}.Debug|Any CPU.Build.0 = Debug|Any CPU
		{04A8FD0E-6E7B-4392-A4C6-02024C46B698}.Release|Any CPU.ActiveCfg = Release|Any CPU
		{04A8FD0E-6E7B-4392-A4C6-02024C46B698}.Release|Any CPU.Build.0 = Release|Any CPU
		{226BEBE4-EDE6-497C-A5FE-ABF2DE3BAE88}.Debug|Any CPU.ActiveCfg = Debug|Any CPU
		{226BEBE4-EDE6-497C-A5FE-ABF2DE3BAE88}.Debug|Any CPU.Build.0 = Debug|Any CPU
		{226BEBE4-EDE6-497C-A5FE-ABF2DE3BAE88}.Release|Any CPU.ActiveCfg = Release|Any CPU
		{226BEBE4-EDE6-497C-A5FE-ABF2DE3BAE88}.Release|Any CPU.Build.0 = Release|Any CPU
		{F6F0CFF2-7098-4002-B25E-AB799CE87DBF}.Debug|Any CPU.ActiveCfg = Debug|Any CPU
		{F6F0CFF2-7098-4002-B25E-AB799CE87DBF}.Debug|Any CPU.Build.0 = Debug|Any CPU
		{F6F0CFF2-7098-4002-B25E-AB799CE87DBF}.Release|Any CPU.ActiveCfg = Release|Any CPU
		{F6F0CFF2-7098-4002-B25E-AB799CE87DBF}.Release|Any CPU.Build.0 = Release|Any CPU
		{08BB8C3A-85B4-4154-857E-A25B8FA4A956}.Debug|Any CPU.ActiveCfg = Debug|Any CPU
		{08BB8C3A-85B4-4154-857E-A25B8FA4A956}.Debug|Any CPU.Build.0 = Debug|Any CPU
		{08BB8C3A-85B4-4154-857E-A25B8FA4A956}.Release|Any CPU.ActiveCfg = Release|Any CPU
		{08BB8C3A-85B4-4154-857E-A25B8FA4A956}.Release|Any CPU.Build.0 = Release|Any CPU
		{D6AC1573-8259-45EF-9D28-B7380A3CB05E}.Debug|Any CPU.ActiveCfg = Debug|Any CPU
		{D6AC1573-8259-45EF-9D28-B7380A3CB05E}.Debug|Any CPU.Build.0 = Debug|Any CPU
		{D6AC1573-8259-45EF-9D28-B7380A3CB05E}.Release|Any CPU.ActiveCfg = Release|Any CPU
		{D6AC1573-8259-45EF-9D28-B7380A3CB05E}.Release|Any CPU.Build.0 = Release|Any CPU
		{12FB4250-542F-451F-847D-AACDDB87B38E}.Debug|Any CPU.ActiveCfg = Debug|Any CPU
		{12FB4250-542F-451F-847D-AACDDB87B38E}.Debug|Any CPU.Build.0 = Debug|Any CPU
		{12FB4250-542F-451F-847D-AACDDB87B38E}.Release|Any CPU.ActiveCfg = Release|Any CPU
		{12FB4250-542F-451F-847D-AACDDB87B38E}.Release|Any CPU.Build.0 = Release|Any CPU
		{3FD43B25-6DFA-4DE1-938A-D6799033A28B}.Debug|Any CPU.ActiveCfg = Debug|Any CPU
		{3FD43B25-6DFA-4DE1-938A-D6799033A28B}.Debug|Any CPU.Build.0 = Debug|Any CPU
		{3FD43B25-6DFA-4DE1-938A-D6799033A28B}.Release|Any CPU.ActiveCfg = Release|Any CPU
		{3FD43B25-6DFA-4DE1-938A-D6799033A28B}.Release|Any CPU.Build.0 = Release|Any CPU
		{EF50B537-5E1A-4649-8B16-EE22065D4CF7}.Debug|Any CPU.ActiveCfg = Debug|Any CPU
		{EF50B537-5E1A-4649-8B16-EE22065D4CF7}.Debug|Any CPU.Build.0 = Debug|Any CPU
		{EF50B537-5E1A-4649-8B16-EE22065D4CF7}.Release|Any CPU.ActiveCfg = Release|Any CPU
		{EF50B537-5E1A-4649-8B16-EE22065D4CF7}.Release|Any CPU.Build.0 = Release|Any CPU
		{B2A49E8C-371D-462A-8BC4-ED1CCBA359D0}.Debug|Any CPU.ActiveCfg = Debug|Any CPU
		{B2A49E8C-371D-462A-8BC4-ED1CCBA359D0}.Debug|Any CPU.Build.0 = Debug|Any CPU
		{B2A49E8C-371D-462A-8BC4-ED1CCBA359D0}.Release|Any CPU.ActiveCfg = Release|Any CPU
		{B2A49E8C-371D-462A-8BC4-ED1CCBA359D0}.Release|Any CPU.Build.0 = Release|Any CPU
		{2E69A94C-C3C0-4895-9388-EBEBF46E40F2}.Debug|Any CPU.ActiveCfg = Debug|Any CPU
		{2E69A94C-C3C0-4895-9388-EBEBF46E40F2}.Debug|Any CPU.Build.0 = Debug|Any CPU
		{2E69A94C-C3C0-4895-9388-EBEBF46E40F2}.Release|Any CPU.ActiveCfg = Release|Any CPU
		{2E69A94C-C3C0-4895-9388-EBEBF46E40F2}.Release|Any CPU.Build.0 = Release|Any CPU
		{CD48B7D4-AA90-4381-861E-78F759EC1604}.Debug|Any CPU.ActiveCfg = Debug|Any CPU
		{CD48B7D4-AA90-4381-861E-78F759EC1604}.Debug|Any CPU.Build.0 = Debug|Any CPU
		{CD48B7D4-AA90-4381-861E-78F759EC1604}.Release|Any CPU.ActiveCfg = Release|Any CPU
		{CD48B7D4-AA90-4381-861E-78F759EC1604}.Release|Any CPU.Build.0 = Release|Any CPU
		{3B8CA599-7372-41B7-8FC8-EB4F0C2B8C70}.Debug|Any CPU.ActiveCfg = Debug|Any CPU
		{3B8CA599-7372-41B7-8FC8-EB4F0C2B8C70}.Debug|Any CPU.Build.0 = Debug|Any CPU
		{3B8CA599-7372-41B7-8FC8-EB4F0C2B8C70}.Release|Any CPU.ActiveCfg = Release|Any CPU
		{3B8CA599-7372-41B7-8FC8-EB4F0C2B8C70}.Release|Any CPU.Build.0 = Release|Any CPU
		{A36DD2D2-EC7B-4FC6-93FE-642A91F9040E}.Debug|Any CPU.ActiveCfg = Debug|Any CPU
		{A36DD2D2-EC7B-4FC6-93FE-642A91F9040E}.Debug|Any CPU.Build.0 = Debug|Any CPU
		{A36DD2D2-EC7B-4FC6-93FE-642A91F9040E}.Release|Any CPU.ActiveCfg = Release|Any CPU
		{A36DD2D2-EC7B-4FC6-93FE-642A91F9040E}.Release|Any CPU.Build.0 = Release|Any CPU
		{A359A65B-075B-455D-B199-08202BDEE8E3}.Debug|Any CPU.ActiveCfg = Debug|Any CPU
		{A359A65B-075B-455D-B199-08202BDEE8E3}.Debug|Any CPU.Build.0 = Debug|Any CPU
		{A359A65B-075B-455D-B199-08202BDEE8E3}.Release|Any CPU.ActiveCfg = Release|Any CPU
		{A359A65B-075B-455D-B199-08202BDEE8E3}.Release|Any CPU.Build.0 = Release|Any CPU
		{66C072C1-019F-4313-8B51-864A0F8C6812}.Debug|Any CPU.ActiveCfg = Debug|Any CPU
		{66C072C1-019F-4313-8B51-864A0F8C6812}.Debug|Any CPU.Build.0 = Debug|Any CPU
		{66C072C1-019F-4313-8B51-864A0F8C6812}.Release|Any CPU.ActiveCfg = Release|Any CPU
		{66C072C1-019F-4313-8B51-864A0F8C6812}.Release|Any CPU.Build.0 = Release|Any CPU
		{C4602B2F-86C1-4D57-BBD5-F2D56A674EC5}.Debug|Any CPU.ActiveCfg = Debug|Any CPU
		{C4602B2F-86C1-4D57-BBD5-F2D56A674EC5}.Debug|Any CPU.Build.0 = Debug|Any CPU
		{C4602B2F-86C1-4D57-BBD5-F2D56A674EC5}.Release|Any CPU.ActiveCfg = Release|Any CPU
		{C4602B2F-86C1-4D57-BBD5-F2D56A674EC5}.Release|Any CPU.Build.0 = Release|Any CPU
		{E8B6DD9C-599D-4403-9845-503F10A97F34}.Debug|Any CPU.ActiveCfg = Debug|Any CPU
		{E8B6DD9C-599D-4403-9845-503F10A97F34}.Debug|Any CPU.Build.0 = Debug|Any CPU
		{E8B6DD9C-599D-4403-9845-503F10A97F34}.Release|Any CPU.ActiveCfg = Release|Any CPU
		{E8B6DD9C-599D-4403-9845-503F10A97F34}.Release|Any CPU.Build.0 = Release|Any CPU
		{E23C2E27-887C-4C52-8410-189CAB8AB182}.Debug|Any CPU.ActiveCfg = Debug|Any CPU
		{E23C2E27-887C-4C52-8410-189CAB8AB182}.Debug|Any CPU.Build.0 = Debug|Any CPU
		{E23C2E27-887C-4C52-8410-189CAB8AB182}.Release|Any CPU.ActiveCfg = Release|Any CPU
		{E23C2E27-887C-4C52-8410-189CAB8AB182}.Release|Any CPU.Build.0 = Release|Any CPU
		{C9AC0BD8-9B45-4BA2-8317-EA402E363D5E}.Debug|Any CPU.ActiveCfg = Debug|Any CPU
		{C9AC0BD8-9B45-4BA2-8317-EA402E363D5E}.Debug|Any CPU.Build.0 = Debug|Any CPU
		{C9AC0BD8-9B45-4BA2-8317-EA402E363D5E}.Release|Any CPU.ActiveCfg = Release|Any CPU
		{C9AC0BD8-9B45-4BA2-8317-EA402E363D5E}.Release|Any CPU.Build.0 = Release|Any CPU
		{0478CADA-C922-456B-B668-6CEDF9C71AE4}.Debug|Any CPU.ActiveCfg = Debug|Any CPU
		{0478CADA-C922-456B-B668-6CEDF9C71AE4}.Debug|Any CPU.Build.0 = Debug|Any CPU
		{0478CADA-C922-456B-B668-6CEDF9C71AE4}.Release|Any CPU.ActiveCfg = Release|Any CPU
		{0478CADA-C922-456B-B668-6CEDF9C71AE4}.Release|Any CPU.Build.0 = Release|Any CPU
		{175DE636-2091-4445-B013-D4E7C6BE784F}.Debug|Any CPU.ActiveCfg = Debug|Any CPU
		{175DE636-2091-4445-B013-D4E7C6BE784F}.Debug|Any CPU.Build.0 = Debug|Any CPU
		{175DE636-2091-4445-B013-D4E7C6BE784F}.Release|Any CPU.ActiveCfg = Release|Any CPU
		{175DE636-2091-4445-B013-D4E7C6BE784F}.Release|Any CPU.Build.0 = Release|Any CPU
		{E7542986-44E9-4421-9816-FB3C7C80BFA4}.Debug|Any CPU.ActiveCfg = Debug|Any CPU
		{E7542986-44E9-4421-9816-FB3C7C80BFA4}.Debug|Any CPU.Build.0 = Debug|Any CPU
		{E7542986-44E9-4421-9816-FB3C7C80BFA4}.Release|Any CPU.ActiveCfg = Release|Any CPU
		{E7542986-44E9-4421-9816-FB3C7C80BFA4}.Release|Any CPU.Build.0 = Release|Any CPU
		{AA6B7C0E-5CA6-44D5-8947-6C796144E976}.Debug|Any CPU.ActiveCfg = Debug|Any CPU
		{AA6B7C0E-5CA6-44D5-8947-6C796144E976}.Debug|Any CPU.Build.0 = Debug|Any CPU
		{AA6B7C0E-5CA6-44D5-8947-6C796144E976}.Release|Any CPU.ActiveCfg = Release|Any CPU
		{AA6B7C0E-5CA6-44D5-8947-6C796144E976}.Release|Any CPU.Build.0 = Release|Any CPU
		{88664F2F-F651-4B1A-ABFA-3DA91E7E4640}.Debug|Any CPU.ActiveCfg = Debug|Any CPU
		{88664F2F-F651-4B1A-ABFA-3DA91E7E4640}.Debug|Any CPU.Build.0 = Debug|Any CPU
		{88664F2F-F651-4B1A-ABFA-3DA91E7E4640}.Release|Any CPU.ActiveCfg = Release|Any CPU
		{88664F2F-F651-4B1A-ABFA-3DA91E7E4640}.Release|Any CPU.Build.0 = Release|Any CPU
		{66DA96B7-D24D-4CAC-9D94-EA0254554FE2}.Debug|Any CPU.ActiveCfg = Debug|Any CPU
		{66DA96B7-D24D-4CAC-9D94-EA0254554FE2}.Debug|Any CPU.Build.0 = Debug|Any CPU
		{66DA96B7-D24D-4CAC-9D94-EA0254554FE2}.Release|Any CPU.ActiveCfg = Release|Any CPU
		{66DA96B7-D24D-4CAC-9D94-EA0254554FE2}.Release|Any CPU.Build.0 = Release|Any CPU
		{02A8AADD-80E9-4524-8C9A-C5C6709B3D71}.Debug|Any CPU.ActiveCfg = Debug|Any CPU
		{02A8AADD-80E9-4524-8C9A-C5C6709B3D71}.Debug|Any CPU.Build.0 = Debug|Any CPU
		{02A8AADD-80E9-4524-8C9A-C5C6709B3D71}.Release|Any CPU.ActiveCfg = Release|Any CPU
		{02A8AADD-80E9-4524-8C9A-C5C6709B3D71}.Release|Any CPU.Build.0 = Release|Any CPU
		{722FA9F6-E4CF-4CE4-8661-DF56D66CEF66}.Debug|Any CPU.ActiveCfg = Debug|Any CPU
		{722FA9F6-E4CF-4CE4-8661-DF56D66CEF66}.Debug|Any CPU.Build.0 = Debug|Any CPU
		{722FA9F6-E4CF-4CE4-8661-DF56D66CEF66}.Release|Any CPU.ActiveCfg = Release|Any CPU
		{722FA9F6-E4CF-4CE4-8661-DF56D66CEF66}.Release|Any CPU.Build.0 = Release|Any CPU
		{6C6DBEE8-8902-4412-A753-3E549A4B702E}.Debug|Any CPU.ActiveCfg = Debug|Any CPU
		{6C6DBEE8-8902-4412-A753-3E549A4B702E}.Debug|Any CPU.Build.0 = Debug|Any CPU
		{6C6DBEE8-8902-4412-A753-3E549A4B702E}.Release|Any CPU.ActiveCfg = Release|Any CPU
		{6C6DBEE8-8902-4412-A753-3E549A4B702E}.Release|Any CPU.Build.0 = Release|Any CPU
		{09668ED6-AA0D-43D3-94EA-7FDBF55B04F8}.Debug|Any CPU.ActiveCfg = Debug|Any CPU
		{09668ED6-AA0D-43D3-94EA-7FDBF55B04F8}.Debug|Any CPU.Build.0 = Debug|Any CPU
		{09668ED6-AA0D-43D3-94EA-7FDBF55B04F8}.Release|Any CPU.ActiveCfg = Release|Any CPU
		{09668ED6-AA0D-43D3-94EA-7FDBF55B04F8}.Release|Any CPU.Build.0 = Release|Any CPU
		{990D9EF9-E2AD-4E73-B25E-CC81681A0CAE}.Debug|Any CPU.ActiveCfg = Debug|Any CPU
		{990D9EF9-E2AD-4E73-B25E-CC81681A0CAE}.Debug|Any CPU.Build.0 = Debug|Any CPU
		{990D9EF9-E2AD-4E73-B25E-CC81681A0CAE}.Release|Any CPU.ActiveCfg = Release|Any CPU
		{990D9EF9-E2AD-4E73-B25E-CC81681A0CAE}.Release|Any CPU.Build.0 = Release|Any CPU
		{C04C02A0-0043-473B-9953-1D9A30C9ED38}.Debug|Any CPU.ActiveCfg = Debug|Any CPU
		{C04C02A0-0043-473B-9953-1D9A30C9ED38}.Debug|Any CPU.Build.0 = Debug|Any CPU
		{C04C02A0-0043-473B-9953-1D9A30C9ED38}.Release|Any CPU.ActiveCfg = Release|Any CPU
		{C04C02A0-0043-473B-9953-1D9A30C9ED38}.Release|Any CPU.Build.0 = Release|Any CPU
		{4070E724-7470-423C-BC2E-9DA1353B5112}.Debug|Any CPU.ActiveCfg = Debug|Any CPU
		{4070E724-7470-423C-BC2E-9DA1353B5112}.Debug|Any CPU.Build.0 = Debug|Any CPU
		{4070E724-7470-423C-BC2E-9DA1353B5112}.Release|Any CPU.ActiveCfg = Release|Any CPU
		{4070E724-7470-423C-BC2E-9DA1353B5112}.Release|Any CPU.Build.0 = Release|Any CPU
		{11068824-BCA1-495F-B2BA-8F77C12C3766}.Debug|Any CPU.ActiveCfg = Debug|Any CPU
		{11068824-BCA1-495F-B2BA-8F77C12C3766}.Debug|Any CPU.Build.0 = Debug|Any CPU
		{11068824-BCA1-495F-B2BA-8F77C12C3766}.Release|Any CPU.ActiveCfg = Release|Any CPU
		{11068824-BCA1-495F-B2BA-8F77C12C3766}.Release|Any CPU.Build.0 = Release|Any CPU
		{18BDA4FA-B4B8-46E1-BF86-2EEE754BEF51}.Debug|Any CPU.ActiveCfg = Debug|Any CPU
		{18BDA4FA-B4B8-46E1-BF86-2EEE754BEF51}.Debug|Any CPU.Build.0 = Debug|Any CPU
		{18BDA4FA-B4B8-46E1-BF86-2EEE754BEF51}.Release|Any CPU.ActiveCfg = Release|Any CPU
		{18BDA4FA-B4B8-46E1-BF86-2EEE754BEF51}.Release|Any CPU.Build.0 = Release|Any CPU
		{7CE28688-ED80-4325-AD1D-AC7E5AA9FEF6}.Debug|Any CPU.ActiveCfg = Debug|Any CPU
		{7CE28688-ED80-4325-AD1D-AC7E5AA9FEF6}.Debug|Any CPU.Build.0 = Debug|Any CPU
		{7CE28688-ED80-4325-AD1D-AC7E5AA9FEF6}.Release|Any CPU.ActiveCfg = Release|Any CPU
		{7CE28688-ED80-4325-AD1D-AC7E5AA9FEF6}.Release|Any CPU.Build.0 = Release|Any CPU
		{C5F4FF13-0246-4C88-9AEB-7243CEBE20B4}.Debug|Any CPU.ActiveCfg = Debug|Any CPU
		{C5F4FF13-0246-4C88-9AEB-7243CEBE20B4}.Debug|Any CPU.Build.0 = Debug|Any CPU
		{C5F4FF13-0246-4C88-9AEB-7243CEBE20B4}.Release|Any CPU.ActiveCfg = Release|Any CPU
		{C5F4FF13-0246-4C88-9AEB-7243CEBE20B4}.Release|Any CPU.Build.0 = Release|Any CPU
		{B3FC06C5-EF32-4BBC-8675-9EC80F6A302C}.Debug|Any CPU.ActiveCfg = Debug|Any CPU
		{B3FC06C5-EF32-4BBC-8675-9EC80F6A302C}.Debug|Any CPU.Build.0 = Debug|Any CPU
		{B3FC06C5-EF32-4BBC-8675-9EC80F6A302C}.Release|Any CPU.ActiveCfg = Release|Any CPU
		{B3FC06C5-EF32-4BBC-8675-9EC80F6A302C}.Release|Any CPU.Build.0 = Release|Any CPU
		{A1095863-E711-4F7F-B12D-4C4C16F1032E}.Debug|Any CPU.ActiveCfg = Debug|Any CPU
		{A1095863-E711-4F7F-B12D-4C4C16F1032E}.Debug|Any CPU.Build.0 = Debug|Any CPU
		{A1095863-E711-4F7F-B12D-4C4C16F1032E}.Release|Any CPU.ActiveCfg = Release|Any CPU
		{A1095863-E711-4F7F-B12D-4C4C16F1032E}.Release|Any CPU.Build.0 = Release|Any CPU
		{FAEFDFEC-79C2-4524-ABC8-9E75E0B6E437}.Debug|Any CPU.ActiveCfg = Debug|Any CPU
		{FAEFDFEC-79C2-4524-ABC8-9E75E0B6E437}.Debug|Any CPU.Build.0 = Debug|Any CPU
		{FAEFDFEC-79C2-4524-ABC8-9E75E0B6E437}.Release|Any CPU.ActiveCfg = Release|Any CPU
		{FAEFDFEC-79C2-4524-ABC8-9E75E0B6E437}.Release|Any CPU.Build.0 = Release|Any CPU
		{8F8C6BC5-E453-44EA-9719-0834426EC41D}.Debug|Any CPU.ActiveCfg = Debug|Any CPU
		{8F8C6BC5-E453-44EA-9719-0834426EC41D}.Debug|Any CPU.Build.0 = Debug|Any CPU
		{8F8C6BC5-E453-44EA-9719-0834426EC41D}.Release|Any CPU.ActiveCfg = Release|Any CPU
		{8F8C6BC5-E453-44EA-9719-0834426EC41D}.Release|Any CPU.Build.0 = Release|Any CPU
		{B5A5B840-1AC9-49F4-A142-5B7D83D74896}.Debug|Any CPU.ActiveCfg = Debug|Any CPU
		{B5A5B840-1AC9-49F4-A142-5B7D83D74896}.Debug|Any CPU.Build.0 = Debug|Any CPU
		{B5A5B840-1AC9-49F4-A142-5B7D83D74896}.Release|Any CPU.ActiveCfg = Release|Any CPU
		{B5A5B840-1AC9-49F4-A142-5B7D83D74896}.Release|Any CPU.Build.0 = Release|Any CPU
		{0561D1F6-DAD3-46EB-A52A-D9741B348CFD}.Debug|Any CPU.ActiveCfg = Debug|Any CPU
		{0561D1F6-DAD3-46EB-A52A-D9741B348CFD}.Debug|Any CPU.Build.0 = Debug|Any CPU
		{0561D1F6-DAD3-46EB-A52A-D9741B348CFD}.Release|Any CPU.ActiveCfg = Release|Any CPU
		{0561D1F6-DAD3-46EB-A52A-D9741B348CFD}.Release|Any CPU.Build.0 = Release|Any CPU
		{48412C82-528E-4636-BC63-703FAD06B095}.Debug|Any CPU.ActiveCfg = Debug|Any CPU
		{48412C82-528E-4636-BC63-703FAD06B095}.Debug|Any CPU.Build.0 = Debug|Any CPU
		{48412C82-528E-4636-BC63-703FAD06B095}.Release|Any CPU.ActiveCfg = Release|Any CPU
		{48412C82-528E-4636-BC63-703FAD06B095}.Release|Any CPU.Build.0 = Release|Any CPU
		{2D442E5E-4D1B-45BD-9D1D-45128FD54B3C}.Debug|Any CPU.ActiveCfg = Debug|Any CPU
		{2D442E5E-4D1B-45BD-9D1D-45128FD54B3C}.Debug|Any CPU.Build.0 = Debug|Any CPU
		{2D442E5E-4D1B-45BD-9D1D-45128FD54B3C}.Release|Any CPU.ActiveCfg = Release|Any CPU
		{2D442E5E-4D1B-45BD-9D1D-45128FD54B3C}.Release|Any CPU.Build.0 = Release|Any CPU
		{04C18267-AF23-49CE-B256-669B05E6A89B}.Debug|Any CPU.ActiveCfg = Debug|Any CPU
		{04C18267-AF23-49CE-B256-669B05E6A89B}.Debug|Any CPU.Build.0 = Debug|Any CPU
		{04C18267-AF23-49CE-B256-669B05E6A89B}.Release|Any CPU.ActiveCfg = Release|Any CPU
		{04C18267-AF23-49CE-B256-669B05E6A89B}.Release|Any CPU.Build.0 = Release|Any CPU
		{2DE1688B-8DE2-449C-B499-ACAB1881645E}.Debug|Any CPU.ActiveCfg = Debug|Any CPU
		{2DE1688B-8DE2-449C-B499-ACAB1881645E}.Debug|Any CPU.Build.0 = Debug|Any CPU
		{2DE1688B-8DE2-449C-B499-ACAB1881645E}.Release|Any CPU.ActiveCfg = Release|Any CPU
		{2DE1688B-8DE2-449C-B499-ACAB1881645E}.Release|Any CPU.Build.0 = Release|Any CPU
		{546845FB-5670-4E76-972B-E9C107FAD7CB}.Debug|Any CPU.ActiveCfg = Debug|Any CPU
		{546845FB-5670-4E76-972B-E9C107FAD7CB}.Debug|Any CPU.Build.0 = Debug|Any CPU
		{546845FB-5670-4E76-972B-E9C107FAD7CB}.Release|Any CPU.ActiveCfg = Release|Any CPU
		{546845FB-5670-4E76-972B-E9C107FAD7CB}.Release|Any CPU.Build.0 = Release|Any CPU
		{D52049C2-1212-4C9D-9EB1-22245DAFDB0F}.Debug|Any CPU.ActiveCfg = Debug|Any CPU
		{D52049C2-1212-4C9D-9EB1-22245DAFDB0F}.Debug|Any CPU.Build.0 = Debug|Any CPU
		{D52049C2-1212-4C9D-9EB1-22245DAFDB0F}.Release|Any CPU.ActiveCfg = Release|Any CPU
		{D52049C2-1212-4C9D-9EB1-22245DAFDB0F}.Release|Any CPU.Build.0 = Release|Any CPU
		{119B86C4-3B44-44C9-875E-2386A4318424}.Debug|Any CPU.ActiveCfg = Debug|Any CPU
		{119B86C4-3B44-44C9-875E-2386A4318424}.Debug|Any CPU.Build.0 = Debug|Any CPU
		{119B86C4-3B44-44C9-875E-2386A4318424}.Release|Any CPU.ActiveCfg = Release|Any CPU
		{119B86C4-3B44-44C9-875E-2386A4318424}.Release|Any CPU.Build.0 = Release|Any CPU
		{A060503C-8846-42A8-A5B7-8A3C1914ED83}.Debug|Any CPU.ActiveCfg = Debug|Any CPU
		{A060503C-8846-42A8-A5B7-8A3C1914ED83}.Debug|Any CPU.Build.0 = Debug|Any CPU
		{A060503C-8846-42A8-A5B7-8A3C1914ED83}.Release|Any CPU.ActiveCfg = Release|Any CPU
		{A060503C-8846-42A8-A5B7-8A3C1914ED83}.Release|Any CPU.Build.0 = Release|Any CPU
		{902DA9E3-F1A6-41D2-82A6-63483038433F}.Debug|Any CPU.ActiveCfg = Debug|Any CPU
		{902DA9E3-F1A6-41D2-82A6-63483038433F}.Debug|Any CPU.Build.0 = Debug|Any CPU
		{902DA9E3-F1A6-41D2-82A6-63483038433F}.Release|Any CPU.ActiveCfg = Release|Any CPU
		{902DA9E3-F1A6-41D2-82A6-63483038433F}.Release|Any CPU.Build.0 = Release|Any CPU
		{978F8B86-F159-4605-981A-18791D1D17C6}.Debug|Any CPU.ActiveCfg = Debug|Any CPU
		{978F8B86-F159-4605-981A-18791D1D17C6}.Debug|Any CPU.Build.0 = Debug|Any CPU
		{978F8B86-F159-4605-981A-18791D1D17C6}.Release|Any CPU.ActiveCfg = Release|Any CPU
		{978F8B86-F159-4605-981A-18791D1D17C6}.Release|Any CPU.Build.0 = Release|Any CPU
		{FB23E629-BC7D-44AD-8C47-88E72D76ECE4}.Debug|Any CPU.ActiveCfg = Debug|Any CPU
		{FB23E629-BC7D-44AD-8C47-88E72D76ECE4}.Debug|Any CPU.Build.0 = Debug|Any CPU
		{FB23E629-BC7D-44AD-8C47-88E72D76ECE4}.Release|Any CPU.ActiveCfg = Release|Any CPU
		{FB23E629-BC7D-44AD-8C47-88E72D76ECE4}.Release|Any CPU.Build.0 = Release|Any CPU
		{628AC40B-B79D-43C1-AAE3-6DF1A19C8248}.Debug|Any CPU.ActiveCfg = Debug|Any CPU
		{628AC40B-B79D-43C1-AAE3-6DF1A19C8248}.Debug|Any CPU.Build.0 = Debug|Any CPU
		{628AC40B-B79D-43C1-AAE3-6DF1A19C8248}.Release|Any CPU.ActiveCfg = Release|Any CPU
		{628AC40B-B79D-43C1-AAE3-6DF1A19C8248}.Release|Any CPU.Build.0 = Release|Any CPU
		{F79A059D-45BA-478B-A688-C9BEB18404A0}.Debug|Any CPU.ActiveCfg = Debug|Any CPU
		{F79A059D-45BA-478B-A688-C9BEB18404A0}.Debug|Any CPU.Build.0 = Debug|Any CPU
		{F79A059D-45BA-478B-A688-C9BEB18404A0}.Release|Any CPU.ActiveCfg = Release|Any CPU
		{F79A059D-45BA-478B-A688-C9BEB18404A0}.Release|Any CPU.Build.0 = Release|Any CPU
		{E34958F5-34CA-4E24-942B-682359B5CE1A}.Debug|Any CPU.ActiveCfg = Debug|Any CPU
		{E34958F5-34CA-4E24-942B-682359B5CE1A}.Debug|Any CPU.Build.0 = Debug|Any CPU
		{E34958F5-34CA-4E24-942B-682359B5CE1A}.Release|Any CPU.ActiveCfg = Release|Any CPU
		{E34958F5-34CA-4E24-942B-682359B5CE1A}.Release|Any CPU.Build.0 = Release|Any CPU
		{C4FA7D52-DB1A-467C-ACEE-3356A2FE9698}.Debug|Any CPU.ActiveCfg = Debug|Any CPU
		{C4FA7D52-DB1A-467C-ACEE-3356A2FE9698}.Debug|Any CPU.Build.0 = Debug|Any CPU
		{C4FA7D52-DB1A-467C-ACEE-3356A2FE9698}.Release|Any CPU.ActiveCfg = Release|Any CPU
		{C4FA7D52-DB1A-467C-ACEE-3356A2FE9698}.Release|Any CPU.Build.0 = Release|Any CPU
		{41C62B16-DC61-4772-8F51-C6F85D853291}.Debug|Any CPU.ActiveCfg = Debug|Any CPU
		{41C62B16-DC61-4772-8F51-C6F85D853291}.Debug|Any CPU.Build.0 = Debug|Any CPU
		{41C62B16-DC61-4772-8F51-C6F85D853291}.Release|Any CPU.ActiveCfg = Release|Any CPU
		{41C62B16-DC61-4772-8F51-C6F85D853291}.Release|Any CPU.Build.0 = Release|Any CPU
		{64908CD3-6981-44B8-A7F4-F2C2B40B006C}.Debug|Any CPU.ActiveCfg = Debug|Any CPU
		{64908CD3-6981-44B8-A7F4-F2C2B40B006C}.Debug|Any CPU.Build.0 = Debug|Any CPU
		{64908CD3-6981-44B8-A7F4-F2C2B40B006C}.Release|Any CPU.ActiveCfg = Release|Any CPU
		{64908CD3-6981-44B8-A7F4-F2C2B40B006C}.Release|Any CPU.Build.0 = Release|Any CPU
		{99443BF0-0274-46C1-844E-7BD2108A703B}.Debug|Any CPU.ActiveCfg = Debug|Any CPU
		{99443BF0-0274-46C1-844E-7BD2108A703B}.Debug|Any CPU.Build.0 = Debug|Any CPU
		{99443BF0-0274-46C1-844E-7BD2108A703B}.Release|Any CPU.ActiveCfg = Release|Any CPU
		{99443BF0-0274-46C1-844E-7BD2108A703B}.Release|Any CPU.Build.0 = Release|Any CPU
		{A79E24EA-732D-4715-8249-BFA9C9F2D005}.Debug|Any CPU.ActiveCfg = Debug|Any CPU
		{A79E24EA-732D-4715-8249-BFA9C9F2D005}.Debug|Any CPU.Build.0 = Debug|Any CPU
		{A79E24EA-732D-4715-8249-BFA9C9F2D005}.Release|Any CPU.ActiveCfg = Release|Any CPU
		{A79E24EA-732D-4715-8249-BFA9C9F2D005}.Release|Any CPU.Build.0 = Release|Any CPU
		{42EE808D-B115-4FEC-BD2F-FA2708103088}.Debug|Any CPU.ActiveCfg = Debug|Any CPU
		{42EE808D-B115-4FEC-BD2F-FA2708103088}.Debug|Any CPU.Build.0 = Debug|Any CPU
		{42EE808D-B115-4FEC-BD2F-FA2708103088}.Release|Any CPU.ActiveCfg = Release|Any CPU
		{42EE808D-B115-4FEC-BD2F-FA2708103088}.Release|Any CPU.Build.0 = Release|Any CPU
		{578A48AC-E6CC-4C81-B5C6-28113389ED0C}.Debug|Any CPU.ActiveCfg = Debug|Any CPU
		{578A48AC-E6CC-4C81-B5C6-28113389ED0C}.Debug|Any CPU.Build.0 = Debug|Any CPU
		{578A48AC-E6CC-4C81-B5C6-28113389ED0C}.Release|Any CPU.ActiveCfg = Release|Any CPU
		{578A48AC-E6CC-4C81-B5C6-28113389ED0C}.Release|Any CPU.Build.0 = Release|Any CPU
		{FA392193-221D-48D5-95A8-D2AC42700EC8}.Debug|Any CPU.ActiveCfg = Debug|Any CPU
		{FA392193-221D-48D5-95A8-D2AC42700EC8}.Debug|Any CPU.Build.0 = Debug|Any CPU
		{FA392193-221D-48D5-95A8-D2AC42700EC8}.Release|Any CPU.ActiveCfg = Release|Any CPU
		{FA392193-221D-48D5-95A8-D2AC42700EC8}.Release|Any CPU.Build.0 = Release|Any CPU
		{A0B22A06-EC94-4FF9-AEE7-019F5484B862}.Debug|Any CPU.ActiveCfg = Debug|Any CPU
		{A0B22A06-EC94-4FF9-AEE7-019F5484B862}.Debug|Any CPU.Build.0 = Debug|Any CPU
		{A0B22A06-EC94-4FF9-AEE7-019F5484B862}.Release|Any CPU.ActiveCfg = Release|Any CPU
		{A0B22A06-EC94-4FF9-AEE7-019F5484B862}.Release|Any CPU.Build.0 = Release|Any CPU
		{A0FF0442-A71F-4424-A115-9DB90E1F1EBD}.Debug|Any CPU.ActiveCfg = Debug|Any CPU
		{A0FF0442-A71F-4424-A115-9DB90E1F1EBD}.Debug|Any CPU.Build.0 = Debug|Any CPU
		{A0FF0442-A71F-4424-A115-9DB90E1F1EBD}.Release|Any CPU.ActiveCfg = Release|Any CPU
		{A0FF0442-A71F-4424-A115-9DB90E1F1EBD}.Release|Any CPU.Build.0 = Release|Any CPU
		{5C8A7EE3-AF19-4C1C-8AAE-BD8A3D64BF8F}.Debug|Any CPU.ActiveCfg = Debug|Any CPU
		{5C8A7EE3-AF19-4C1C-8AAE-BD8A3D64BF8F}.Debug|Any CPU.Build.0 = Debug|Any CPU
		{5C8A7EE3-AF19-4C1C-8AAE-BD8A3D64BF8F}.Release|Any CPU.ActiveCfg = Release|Any CPU
		{5C8A7EE3-AF19-4C1C-8AAE-BD8A3D64BF8F}.Release|Any CPU.Build.0 = Release|Any CPU
		{5F0A5B30-77C8-47BC-A24F-B1170034005B}.Debug|Any CPU.ActiveCfg = Debug|Any CPU
		{5F0A5B30-77C8-47BC-A24F-B1170034005B}.Debug|Any CPU.Build.0 = Debug|Any CPU
		{5F0A5B30-77C8-47BC-A24F-B1170034005B}.Release|Any CPU.ActiveCfg = Release|Any CPU
		{5F0A5B30-77C8-47BC-A24F-B1170034005B}.Release|Any CPU.Build.0 = Release|Any CPU
		{8010599D-CC08-4DE7-9CA8-90D9EA966B0A}.Debug|Any CPU.ActiveCfg = Debug|Any CPU
		{8010599D-CC08-4DE7-9CA8-90D9EA966B0A}.Debug|Any CPU.Build.0 = Debug|Any CPU
		{8010599D-CC08-4DE7-9CA8-90D9EA966B0A}.Release|Any CPU.ActiveCfg = Release|Any CPU
		{8010599D-CC08-4DE7-9CA8-90D9EA966B0A}.Release|Any CPU.Build.0 = Release|Any CPU
		{6C27B8B6-5878-4757-BC90-10F90E86A35A}.Debug|Any CPU.ActiveCfg = Debug|Any CPU
		{6C27B8B6-5878-4757-BC90-10F90E86A35A}.Debug|Any CPU.Build.0 = Debug|Any CPU
		{6C27B8B6-5878-4757-BC90-10F90E86A35A}.Release|Any CPU.ActiveCfg = Release|Any CPU
		{6C27B8B6-5878-4757-BC90-10F90E86A35A}.Release|Any CPU.Build.0 = Release|Any CPU
		{2203D3E9-5F32-4D99-833A-2C8C790EF0C1}.Debug|Any CPU.ActiveCfg = Debug|Any CPU
		{2203D3E9-5F32-4D99-833A-2C8C790EF0C1}.Debug|Any CPU.Build.0 = Debug|Any CPU
		{2203D3E9-5F32-4D99-833A-2C8C790EF0C1}.Release|Any CPU.ActiveCfg = Release|Any CPU
		{2203D3E9-5F32-4D99-833A-2C8C790EF0C1}.Release|Any CPU.Build.0 = Release|Any CPU
		{3A9D5C15-9A0F-45B0-BA4F-EFB65D5DF037}.Debug|Any CPU.ActiveCfg = Debug|Any CPU
		{3A9D5C15-9A0F-45B0-BA4F-EFB65D5DF037}.Debug|Any CPU.Build.0 = Debug|Any CPU
		{3A9D5C15-9A0F-45B0-BA4F-EFB65D5DF037}.Release|Any CPU.ActiveCfg = Release|Any CPU
		{3A9D5C15-9A0F-45B0-BA4F-EFB65D5DF037}.Release|Any CPU.Build.0 = Release|Any CPU
		{F2F861C4-F29C-4C08-86BC-6249D50374AF}.Debug|Any CPU.ActiveCfg = Debug|Any CPU
		{F2F861C4-F29C-4C08-86BC-6249D50374AF}.Debug|Any CPU.Build.0 = Debug|Any CPU
		{F2F861C4-F29C-4C08-86BC-6249D50374AF}.Release|Any CPU.ActiveCfg = Release|Any CPU
		{F2F861C4-F29C-4C08-86BC-6249D50374AF}.Release|Any CPU.Build.0 = Release|Any CPU
		{09BAB841-D8B5-43A3-93E2-68F889AF90B9}.Debug|Any CPU.ActiveCfg = Debug|Any CPU
		{09BAB841-D8B5-43A3-93E2-68F889AF90B9}.Debug|Any CPU.Build.0 = Debug|Any CPU
		{09BAB841-D8B5-43A3-93E2-68F889AF90B9}.Release|Any CPU.ActiveCfg = Release|Any CPU
		{09BAB841-D8B5-43A3-93E2-68F889AF90B9}.Release|Any CPU.Build.0 = Release|Any CPU
		{B2468E49-3ED5-4E84-9D19-2FC2C80D8EEF}.Debug|Any CPU.ActiveCfg = Debug|Any CPU
		{B2468E49-3ED5-4E84-9D19-2FC2C80D8EEF}.Debug|Any CPU.Build.0 = Debug|Any CPU
		{B2468E49-3ED5-4E84-9D19-2FC2C80D8EEF}.Release|Any CPU.ActiveCfg = Release|Any CPU
		{B2468E49-3ED5-4E84-9D19-2FC2C80D8EEF}.Release|Any CPU.Build.0 = Release|Any CPU
		{1B24E121-8D0E-4249-9227-7D286B1BDDB4}.Debug|Any CPU.ActiveCfg = Debug|Any CPU
		{1B24E121-8D0E-4249-9227-7D286B1BDDB4}.Debug|Any CPU.Build.0 = Debug|Any CPU
		{1B24E121-8D0E-4249-9227-7D286B1BDDB4}.Release|Any CPU.ActiveCfg = Release|Any CPU
		{1B24E121-8D0E-4249-9227-7D286B1BDDB4}.Release|Any CPU.Build.0 = Release|Any CPU
	EndGlobalSection
	GlobalSection(SolutionProperties) = preSolution
		HideSolutionNode = FALSE
	EndGlobalSection
	GlobalSection(ExtensibilityGlobals) = postSolution
		SolutionGuid = {E0AC591A-19ED-406A-9EAD-81BE6010E993}
	EndGlobalSection
EndGlobal
